
Microsoft Visual Studio Solution File, Format Version 12.00
# Visual Studio Version 18
VisualStudioVersion = 18.1.11312.151 d18.0
MinimumVisualStudioVersion = 10.0.40219.1
Project("{FAE04EC0-301F-11D3-BF4B-00C04F79EFBC}") = "Slickflow.Engine.Test", "Slickflow.Engine.Test.csproj", "{09C0B873-B54F-5C2D-80C1-EA9F7B64DDBF}"
EndProject
Global
	GlobalSection(SolutionConfigurationPlatforms) = preSolution
		Debug|Any CPU = Debug|Any CPU
		Release|Any CPU = Release|Any CPU
	EndGlobalSection
	GlobalSection(ProjectConfigurationPlatforms) = postSolution
		{09C0B873-B54F-5C2D-80C1-EA9F7B64DDBF}.Debug|Any CPU.ActiveCfg = Debug|Any CPU
		{09C0B873-B54F-5C2D-80C1-EA9F7B64DDBF}.Debug|Any CPU.Build.0 = Debug|Any CPU
		{09C0B873-B54F-5C2D-80C1-EA9F7B64DDBF}.Release|Any CPU.ActiveCfg = Release|Any CPU
		{09C0B873-B54F-5C2D-80C1-EA9F7B64DDBF}.Release|Any CPU.Build.0 = Release|Any CPU
	EndGlobalSection
	GlobalSection(SolutionProperties) = preSolution
		HideSolutionNode = FALSE
	EndGlobalSection
	GlobalSection(ExtensibilityGlobals) = postSolution
		SolutionGuid = {31CB8857-671C-44CE-9BEF-356188222A56}
	EndGlobalSection
EndGlobal
