
Microsoft Visual Studio Solution File, Format Version 12.00
# Visual Studio 15
VisualStudioVersion = 15.0.26206.0
MinimumVisualStudioVersion = 10.0.40219.1
Project("{2150E333-8FDC-42A3-9474-1A3956D46DE8}") = "Presentation", "Presentation", "{DB84593A-1127-4596-B036-1F7819C85425}"
EndProject
Project("{FAE04EC0-301F-11D3-BF4B-00C04F79EFBC}") = "Slickflow.Winform", "Slickflow.Winform\Slickflow.Winform.csproj", "{20A52287-9FA0-408A-A783-93B78EFD24D7}"
EndProject
Project("{2150E333-8FDC-42A3-9474-1A3956D46DE8}") = "ServiceLayer", "ServiceLayer", "{76DAC76A-385A-4C7F-B916-BBE51A5E3892}"
EndProject
Project("{2150E333-8FDC-42A3-9474-1A3956D46DE8}") = "BasicLibrary", "BasicLibrary", "{26BBC809-3611-4051-82B0-4ED2AEB587F9}"
EndProject
Project("{FAE04EC0-301F-11D3-BF4B-00C04F79EFBC}") = "Slickflow.Engine", "Slickflow.Engine\Slickflow.Engine.csproj", "{F2AA5CC3-4212-4C6C-9336-A5C10F46AFFE}"
EndProject
Project("{FAE04EC0-301F-11D3-BF4B-00C04F79EFBC}") = "Dapper", "Dapper\Dapper.csproj", "{4DA6306B-B9F0-4E06-ACA0-2A1400DD9BD0}"
EndProject
Project("{FAE04EC0-301F-11D3-BF4B-00C04F79EFBC}") = "Slickflow.BizAppService", "Slickflow.BizAppService\Slickflow.BizAppService.csproj", "{003033FB-2839-4958-B920-176639BE3309}"
EndProject
Project("{FAE04EC0-301F-11D3-BF4B-00C04F79EFBC}") = "Slickflow.Data", "Slickflow.Data\Slickflow.Data.csproj", "{E0A4FC43-54AF-49B3-A227-0CE9DB503903}"
EndProject
Project("{2150E333-8FDC-42A3-9474-1A3956D46DE8}") = "Module", "Module", "{DD79E46C-7457-4867-9A73-2BBE0C9DCC12}"
EndProject
Project("{FAE04EC0-301F-11D3-BF4B-00C04F79EFBC}") = "Slickflow.Module", "Slickflow.Module\Slickflow.Module.csproj", "{79C5F280-2144-4373-9EF9-B77C1F3F426A}"
EndProject
Project("{FAE04EC0-301F-11D3-BF4B-00C04F79EFBC}") = "Slickflow.Module.Resource", "Slickflow.Module.Resource\Slickflow.Module.Resource.csproj", "{F555C21B-12A5-49E9-9792-4C2142EF481F}"
EndProject
Project("{FAE04EC0-301F-11D3-BF4B-00C04F79EFBC}") = "Slickflow.WebDemo", "Slickflow.WebDemo\Slickflow.WebDemo.csproj", "{16804F0F-CA9D-4103-8E59-F386C7F88D1A}"
EndProject
Project("{FAE04EC0-301F-11D3-BF4B-00C04F79EFBC}") = "Slickflow.MvcDemo", "Slickflow.MvcDemo\Slickflow.MvcDemo.csproj", "{13157F55-17E0-4754-B0A3-ABE90123D875}"
EndProject
Global
	GlobalSection(SolutionConfigurationPlatforms) = preSolution
		Debug|Any CPU = Debug|Any CPU
		Release|Any CPU = Release|Any CPU
	EndGlobalSection
	GlobalSection(ProjectConfigurationPlatforms) = postSolution
		{20A52287-9FA0-408A-A783-93B78EFD24D7}.Debug|Any CPU.ActiveCfg = Debug|Any CPU
		{20A52287-9FA0-408A-A783-93B78EFD24D7}.Debug|Any CPU.Build.0 = Debug|Any CPU
		{20A52287-9FA0-408A-A783-93B78EFD24D7}.Release|Any CPU.ActiveCfg = Release|Any CPU
		{20A52287-9FA0-408A-A783-93B78EFD24D7}.Release|Any CPU.Build.0 = Release|Any CPU
		{F2AA5CC3-4212-4C6C-9336-A5C10F46AFFE}.Debug|Any CPU.ActiveCfg = Debug|Any CPU
		{F2AA5CC3-4212-4C6C-9336-A5C10F46AFFE}.Debug|Any CPU.Build.0 = Debug|Any CPU
		{F2AA5CC3-4212-4C6C-9336-A5C10F46AFFE}.Release|Any CPU.ActiveCfg = Release|Any CPU
		{F2AA5CC3-4212-4C6C-9336-A5C10F46AFFE}.Release|Any CPU.Build.0 = Release|Any CPU
		{4DA6306B-B9F0-4E06-ACA0-2A1400DD9BD0}.Debug|Any CPU.ActiveCfg = Debug|Any CPU
		{4DA6306B-B9F0-4E06-ACA0-2A1400DD9BD0}.Debug|Any CPU.Build.0 = Debug|Any CPU
		{4DA6306B-B9F0-4E06-ACA0-2A1400DD9BD0}.Release|Any CPU.ActiveCfg = Release|Any CPU
		{4DA6306B-B9F0-4E06-ACA0-2A1400DD9BD0}.Release|Any CPU.Build.0 = Release|Any CPU
		{003033FB-2839-4958-B920-176639BE3309}.Debug|Any CPU.ActiveCfg = Debug|Any CPU
		{003033FB-2839-4958-B920-176639BE3309}.Debug|Any CPU.Build.0 = Debug|Any CPU
		{003033FB-2839-4958-B920-176639BE3309}.Release|Any CPU.ActiveCfg = Release|Any CPU
		{003033FB-2839-4958-B920-176639BE3309}.Release|Any CPU.Build.0 = Release|Any CPU
		{E0A4FC43-54AF-49B3-A227-0CE9DB503903}.Debug|Any CPU.ActiveCfg = Debug|Any CPU
		{E0A4FC43-54AF-49B3-A227-0CE9DB503903}.Debug|Any CPU.Build.0 = Debug|Any CPU
		{E0A4FC43-54AF-49B3-A227-0CE9DB503903}.Release|Any CPU.ActiveCfg = Release|Any CPU
		{E0A4FC43-54AF-49B3-A227-0CE9DB503903}.Release|Any CPU.Build.0 = Release|Any CPU
		{79C5F280-2144-4373-9EF9-B77C1F3F426A}.Debug|Any CPU.ActiveCfg = Debug|Any CPU
		{79C5F280-2144-4373-9EF9-B77C1F3F426A}.Debug|Any CPU.Build.0 = Debug|Any CPU
		{79C5F280-2144-4373-9EF9-B77C1F3F426A}.Release|Any CPU.ActiveCfg = Release|Any CPU
		{79C5F280-2144-4373-9EF9-B77C1F3F426A}.Release|Any CPU.Build.0 = Release|Any CPU
		{F555C21B-12A5-49E9-9792-4C2142EF481F}.Debug|Any CPU.ActiveCfg = Debug|Any CPU
		{F555C21B-12A5-49E9-9792-4C2142EF481F}.Debug|Any CPU.Build.0 = Debug|Any CPU
		{F555C21B-12A5-49E9-9792-4C2142EF481F}.Release|Any CPU.ActiveCfg = Release|Any CPU
		{F555C21B-12A5-49E9-9792-4C2142EF481F}.Release|Any CPU.Build.0 = Release|Any CPU
		{16804F0F-CA9D-4103-8E59-F386C7F88D1A}.Debug|Any CPU.ActiveCfg = Debug|Any CPU
		{16804F0F-CA9D-4103-8E59-F386C7F88D1A}.Debug|Any CPU.Build.0 = Debug|Any CPU
		{16804F0F-CA9D-4103-8E59-F386C7F88D1A}.Release|Any CPU.ActiveCfg = Release|Any CPU
		{16804F0F-CA9D-4103-8E59-F386C7F88D1A}.Release|Any CPU.Build.0 = Release|Any CPU
		{13157F55-17E0-4754-B0A3-ABE90123D875}.Debug|Any CPU.ActiveCfg = Debug|Any CPU
		{13157F55-17E0-4754-B0A3-ABE90123D875}.Debug|Any CPU.Build.0 = Debug|Any CPU
		{13157F55-17E0-4754-B0A3-ABE90123D875}.Release|Any CPU.ActiveCfg = Release|Any CPU
		{13157F55-17E0-4754-B0A3-ABE90123D875}.Release|Any CPU.Build.0 = Release|Any CPU
	EndGlobalSection
	GlobalSection(SolutionProperties) = preSolution
		HideSolutionNode = FALSE
	EndGlobalSection
	GlobalSection(NestedProjects) = preSolution
		{20A52287-9FA0-408A-A783-93B78EFD24D7} = {DB84593A-1127-4596-B036-1F7819C85425}
		{F2AA5CC3-4212-4C6C-9336-A5C10F46AFFE} = {26BBC809-3611-4051-82B0-4ED2AEB587F9}
		{4DA6306B-B9F0-4E06-ACA0-2A1400DD9BD0} = {26BBC809-3611-4051-82B0-4ED2AEB587F9}
		{003033FB-2839-4958-B920-176639BE3309} = {76DAC76A-385A-4C7F-B916-BBE51A5E3892}
		{E0A4FC43-54AF-49B3-A227-0CE9DB503903} = {26BBC809-3611-4051-82B0-4ED2AEB587F9}
		{79C5F280-2144-4373-9EF9-B77C1F3F426A} = {26BBC809-3611-4051-82B0-4ED2AEB587F9}
		{F555C21B-12A5-49E9-9792-4C2142EF481F} = {DD79E46C-7457-4867-9A73-2BBE0C9DCC12}
		{16804F0F-CA9D-4103-8E59-F386C7F88D1A} = {DB84593A-1127-4596-B036-1F7819C85425}
		{13157F55-17E0-4754-B0A3-ABE90123D875} = {DB84593A-1127-4596-B036-1F7819C85425}
	EndGlobalSection
	GlobalSection(ExtensibilityGlobals) = postSolution
		SolutionGuid = {302C53FC-4B20-4AEE-9E88-8D210EFE322C}
	EndGlobalSection
EndGlobal
