
Microsoft Visual Studio Solution File, Format Version 12.00
# Visual Studio Version 16
VisualStudioVersion = 16.0.30717.126
MinimumVisualStudioVersion = 10.0.40219.1
Project("{FAE04EC0-301F-11D3-BF4B-00C04F79EFBC}") = "Dapper", "Dapper\Dapper.csproj", "{4DA6306B-B9F0-4E06-ACA0-2A1400DD9BD0}"
EndProject
Project("{FAE04EC0-301F-11D3-BF4B-00C04F79EFBC}") = "Slickflow.Engine", "Slickflow.Engine\Slickflow.Engine.csproj", "{F2AA5CC3-4212-4C6C-9336-A5C10F46AFFE}"
EndProject
Project("{FAE04EC0-301F-11D3-BF4B-00C04F79EFBC}") = "Slickflow.Data", "Slickflow.Data\Slickflow.Data.csproj", "{E0A4FC43-54AF-49B3-A227-0CE9DB503903}"
EndProject
Project("{2150E333-8FDC-42A3-9474-1A3956D46DE8}") = "WebApi", "WebApi", "{76DAC76A-385A-4C7F-B916-BBE51A5E3892}"
EndProject
Project("{2150E333-8FDC-42A3-9474-1A3956D46DE8}") = "Designer", "Designer", "{84ECFC22-63C4-4B8B-97B5-2A231FB116AD}"
EndProject
Project("{2150E333-8FDC-42A3-9474-1A3956D46DE8}") = "Core", "Core", "{E0030A6C-51CE-4B04-BA9F-DC310302BE22}"
EndProject
Project("{2150E333-8FDC-42A3-9474-1A3956D46DE8}") = "Module", "Module", "{97172F34-FBD8-4617-8A3E-8F1A7D68311B}"
EndProject
Project("{FAE04EC0-301F-11D3-BF4B-00C04F79EFBC}") = "Slickflow.Module", "Slickflow.Module\Slickflow.Module.csproj", "{79C5F280-2144-4373-9EF9-B77C1F3F426A}"
EndProject
Project("{FAE04EC0-301F-11D3-BF4B-00C04F79EFBC}") = "Slickflow.Module.Resource", "Slickflow.Module.Resource\Slickflow.Module.Resource.csproj", "{F555C21B-12A5-49E9-9792-4C2142EF481F}"
EndProject
Project("{FAE04EC0-301F-11D3-BF4B-00C04F79EFBC}") = "Slickflow.Designer", "Slickflow.Designer\Slickflow.Designer.csproj", "{CB8E4382-2B8F-43A7-9773-BAF599FA0C29}"
EndProject
Project("{FAE04EC0-301F-11D3-BF4B-00C04F79EFBC}") = "Slickflow.WebApi", "Slickflow.WebApi\Slickflow.WebApi.csproj", "{023EABA8-4806-4BB2-BE10-59648D742A79}"
EndProject
Global
	GlobalSection(SolutionConfigurationPlatforms) = preSolution
		Debug|Any CPU = Debug|Any CPU
		Release|Any CPU = Release|Any CPU
	EndGlobalSection
	GlobalSection(ProjectConfigurationPlatforms) = postSolution
		{4DA6306B-B9F0-4E06-ACA0-2A1400DD9BD0}.Debug|Any CPU.ActiveCfg = Debug|Any CPU
		{4DA6306B-B9F0-4E06-ACA0-2A1400DD9BD0}.Debug|Any CPU.Build.0 = Debug|Any CPU
		{4DA6306B-B9F0-4E06-ACA0-2A1400DD9BD0}.Release|Any CPU.ActiveCfg = Release|Any CPU
		{4DA6306B-B9F0-4E06-ACA0-2A1400DD9BD0}.Release|Any CPU.Build.0 = Release|Any CPU
		{F2AA5CC3-4212-4C6C-9336-A5C10F46AFFE}.Debug|Any CPU.ActiveCfg = Debug|Any CPU
		{F2AA5CC3-4212-4C6C-9336-A5C10F46AFFE}.Debug|Any CPU.Build.0 = Debug|Any CPU
		{F2AA5CC3-4212-4C6C-9336-A5C10F46AFFE}.Release|Any CPU.ActiveCfg = Release|Any CPU
		{F2AA5CC3-4212-4C6C-9336-A5C10F46AFFE}.Release|Any CPU.Build.0 = Release|Any CPU
		{E0A4FC43-54AF-49B3-A227-0CE9DB503903}.Debug|Any CPU.ActiveCfg = Debug|Any CPU
		{E0A4FC43-54AF-49B3-A227-0CE9DB503903}.Debug|Any CPU.Build.0 = Debug|Any CPU
		{E0A4FC43-54AF-49B3-A227-0CE9DB503903}.Release|Any CPU.ActiveCfg = Release|Any CPU
		{E0A4FC43-54AF-49B3-A227-0CE9DB503903}.Release|Any CPU.Build.0 = Release|Any CPU
		{79C5F280-2144-4373-9EF9-B77C1F3F426A}.Debug|Any CPU.ActiveCfg = Debug|Any CPU
		{79C5F280-2144-4373-9EF9-B77C1F3F426A}.Debug|Any CPU.Build.0 = Debug|Any CPU
		{79C5F280-2144-4373-9EF9-B77C1F3F426A}.Release|Any CPU.ActiveCfg = Release|Any CPU
		{79C5F280-2144-4373-9EF9-B77C1F3F426A}.Release|Any CPU.Build.0 = Release|Any CPU
		{F555C21B-12A5-49E9-9792-4C2142EF481F}.Debug|Any CPU.ActiveCfg = Debug|Any CPU
		{F555C21B-12A5-49E9-9792-4C2142EF481F}.Debug|Any CPU.Build.0 = Debug|Any CPU
		{F555C21B-12A5-49E9-9792-4C2142EF481F}.Release|Any CPU.ActiveCfg = Release|Any CPU
		{F555C21B-12A5-49E9-9792-4C2142EF481F}.Release|Any CPU.Build.0 = Release|Any CPU
		{CB8E4382-2B8F-43A7-9773-BAF599FA0C29}.Debug|Any CPU.ActiveCfg = Debug|Any CPU
		{CB8E4382-2B8F-43A7-9773-BAF599FA0C29}.Debug|Any CPU.Build.0 = Debug|Any CPU
		{CB8E4382-2B8F-43A7-9773-BAF599FA0C29}.Release|Any CPU.ActiveCfg = Release|Any CPU
		{CB8E4382-2B8F-43A7-9773-BAF599FA0C29}.Release|Any CPU.Build.0 = Release|Any CPU
		{023EABA8-4806-4BB2-BE10-59648D742A79}.Debug|Any CPU.ActiveCfg = Debug|Any CPU
		{023EABA8-4806-4BB2-BE10-59648D742A79}.Debug|Any CPU.Build.0 = Debug|Any CPU
		{023EABA8-4806-4BB2-BE10-59648D742A79}.Release|Any CPU.ActiveCfg = Release|Any CPU
		{023EABA8-4806-4BB2-BE10-59648D742A79}.Release|Any CPU.Build.0 = Release|Any CPU
	EndGlobalSection
	GlobalSection(SolutionProperties) = preSolution
		HideSolutionNode = FALSE
	EndGlobalSection
	GlobalSection(NestedProjects) = preSolution
		{4DA6306B-B9F0-4E06-ACA0-2A1400DD9BD0} = {E0030A6C-51CE-4B04-BA9F-DC310302BE22}
		{F2AA5CC3-4212-4C6C-9336-A5C10F46AFFE} = {E0030A6C-51CE-4B04-BA9F-DC310302BE22}
		{E0A4FC43-54AF-49B3-A227-0CE9DB503903} = {E0030A6C-51CE-4B04-BA9F-DC310302BE22}
		{79C5F280-2144-4373-9EF9-B77C1F3F426A} = {E0030A6C-51CE-4B04-BA9F-DC310302BE22}
		{F555C21B-12A5-49E9-9792-4C2142EF481F} = {97172F34-FBD8-4617-8A3E-8F1A7D68311B}
		{CB8E4382-2B8F-43A7-9773-BAF599FA0C29} = {84ECFC22-63C4-4B8B-97B5-2A231FB116AD}
		{023EABA8-4806-4BB2-BE10-59648D742A79} = {76DAC76A-385A-4C7F-B916-BBE51A5E3892}
	EndGlobalSection
	GlobalSection(ExtensibilityGlobals) = postSolution
		SolutionGuid = {9A6D7083-756D-4D25-8942-EA55151F5C70}
	EndGlobalSection
EndGlobal
