
Microsoft Visual Studio Solution File, Format Version 12.00
# Visual Studio 15
VisualStudioVersion = 15.0.26730.16
MinimumVisualStudioVersion = 10.0.40219.1
Project("{2150E333-8FDC-42A3-9474-1A3956D46DE8}") = "Basic", "Basic", "{C079E93B-7ABC-4A81-B2AF-85162877B1AA}"
EndProject
Project("{2150E333-8FDC-42A3-9474-1A3956D46DE8}") = "Core", "Core", "{11F029BF-CCB0-464D-96A9-987D7E13F01E}"
EndProject
Project("{2150E333-8FDC-42A3-9474-1A3956D46DE8}") = "Web", "Web", "{D594AD90-387F-47C9-9908-64B7169D4F06}"
EndProject
Project("{2150E333-8FDC-42A3-9474-1A3956D46DE8}") = "Module", "Module", "{692A7BE0-A3AE-4EA0-B840-3F08CD119246}"
EndProject
Project("{9A19103F-16F7-4668-BE54-9A1E7A4F7556}") = "Slickflow.MvcDemo", "Slickflow.MvcDemo\Slickflow.MvcDemo.csproj", "{C445AB55-A5B4-45CE-9509-353809A34522}"
EndProject
Project("{9A19103F-16F7-4668-BE54-9A1E7A4F7556}") = "SlickOne.WebUtility", "SlickOne.WebUtility\SlickOne.WebUtility.csproj", "{79BC0DA7-8E61-48C1-8AD4-AE01621BD004}"
EndProject
Project("{9A19103F-16F7-4668-BE54-9A1E7A4F7556}") = "Slickflow.Engine", "Slickflow.Engine\Slickflow.Engine.csproj", "{587A9E12-3BEC-495B-9C32-DCAEFBB95035}"
EndProject
Project("{9A19103F-16F7-4668-BE54-9A1E7A4F7556}") = "Slickflow.Module", "Slickflow.Module\Slickflow.Module.csproj", "{33AD2C91-5471-4246-8B9D-9835C5551953}"
EndProject
Project("{9A19103F-16F7-4668-BE54-9A1E7A4F7556}") = "Slickflow.Data", "Slickflow.Data\Slickflow.Data.csproj", "{FE5152C9-7072-4570-8D99-2EB529F44796}"
EndProject
Project("{9A19103F-16F7-4668-BE54-9A1E7A4F7556}") = "Slickflow.Module.Resource", "Slickflow.Module.Resource\Slickflow.Module.Resource.csproj", "{8159A2B0-F35F-4DA4-A00F-7B8FD9206F24}"
EndProject
Project("{9A19103F-16F7-4668-BE54-9A1E7A4F7556}") = "Slickflow.Designer", "Slickflow.Designer\Slickflow.Designer.csproj", "{A036110B-1EB0-4B56-A445-ED2E8763F2BA}"
EndProject
Project("{FAE04EC0-301F-11D3-BF4B-00C04F79EFBC}") = "Slickflow.ModelDemo", "Slickflow.ModelDemo\Slickflow.ModelDemo.csproj", "{CE04A1BC-514D-49B4-889F-71BB5B3D8B60}"
EndProject
Global
	GlobalSection(SolutionConfigurationPlatforms) = preSolution
		Debug|Any CPU = Debug|Any CPU
		Release|Any CPU = Release|Any CPU
	EndGlobalSection
	GlobalSection(ProjectConfigurationPlatforms) = postSolution
		{C445AB55-A5B4-45CE-9509-353809A34522}.Debug|Any CPU.ActiveCfg = Debug|Any CPU
		{C445AB55-A5B4-45CE-9509-353809A34522}.Debug|Any CPU.Build.0 = Debug|Any CPU
		{C445AB55-A5B4-45CE-9509-353809A34522}.Release|Any CPU.ActiveCfg = Release|Any CPU
		{C445AB55-A5B4-45CE-9509-353809A34522}.Release|Any CPU.Build.0 = Release|Any CPU
		{79BC0DA7-8E61-48C1-8AD4-AE01621BD004}.Debug|Any CPU.ActiveCfg = Debug|Any CPU
		{79BC0DA7-8E61-48C1-8AD4-AE01621BD004}.Debug|Any CPU.Build.0 = Debug|Any CPU
		{79BC0DA7-8E61-48C1-8AD4-AE01621BD004}.Release|Any CPU.ActiveCfg = Release|Any CPU
		{79BC0DA7-8E61-48C1-8AD4-AE01621BD004}.Release|Any CPU.Build.0 = Release|Any CPU
		{587A9E12-3BEC-495B-9C32-DCAEFBB95035}.Debug|Any CPU.ActiveCfg = Debug|Any CPU
		{587A9E12-3BEC-495B-9C32-DCAEFBB95035}.Debug|Any CPU.Build.0 = Debug|Any CPU
		{587A9E12-3BEC-495B-9C32-DCAEFBB95035}.Release|Any CPU.ActiveCfg = Release|Any CPU
		{587A9E12-3BEC-495B-9C32-DCAEFBB95035}.Release|Any CPU.Build.0 = Release|Any CPU
		{33AD2C91-5471-4246-8B9D-9835C5551953}.Debug|Any CPU.ActiveCfg = Debug|Any CPU
		{33AD2C91-5471-4246-8B9D-9835C5551953}.Debug|Any CPU.Build.0 = Debug|Any CPU
		{33AD2C91-5471-4246-8B9D-9835C5551953}.Release|Any CPU.ActiveCfg = Release|Any CPU
		{33AD2C91-5471-4246-8B9D-9835C5551953}.Release|Any CPU.Build.0 = Release|Any CPU
		{FE5152C9-7072-4570-8D99-2EB529F44796}.Debug|Any CPU.ActiveCfg = Debug|Any CPU
		{FE5152C9-7072-4570-8D99-2EB529F44796}.Debug|Any CPU.Build.0 = Debug|Any CPU
		{FE5152C9-7072-4570-8D99-2EB529F44796}.Release|Any CPU.ActiveCfg = Release|Any CPU
		{FE5152C9-7072-4570-8D99-2EB529F44796}.Release|Any CPU.Build.0 = Release|Any CPU
		{8159A2B0-F35F-4DA4-A00F-7B8FD9206F24}.Debug|Any CPU.ActiveCfg = Debug|Any CPU
		{8159A2B0-F35F-4DA4-A00F-7B8FD9206F24}.Debug|Any CPU.Build.0 = Debug|Any CPU
		{8159A2B0-F35F-4DA4-A00F-7B8FD9206F24}.Release|Any CPU.ActiveCfg = Release|Any CPU
		{8159A2B0-F35F-4DA4-A00F-7B8FD9206F24}.Release|Any CPU.Build.0 = Release|Any CPU
		{A036110B-1EB0-4B56-A445-ED2E8763F2BA}.Debug|Any CPU.ActiveCfg = Debug|Any CPU
		{A036110B-1EB0-4B56-A445-ED2E8763F2BA}.Debug|Any CPU.Build.0 = Debug|Any CPU
		{A036110B-1EB0-4B56-A445-ED2E8763F2BA}.Release|Any CPU.ActiveCfg = Release|Any CPU
		{A036110B-1EB0-4B56-A445-ED2E8763F2BA}.Release|Any CPU.Build.0 = Release|Any CPU
		{CE04A1BC-514D-49B4-889F-71BB5B3D8B60}.Debug|Any CPU.ActiveCfg = Debug|Any CPU
		{CE04A1BC-514D-49B4-889F-71BB5B3D8B60}.Debug|Any CPU.Build.0 = Debug|Any CPU
		{CE04A1BC-514D-49B4-889F-71BB5B3D8B60}.Release|Any CPU.ActiveCfg = Release|Any CPU
		{CE04A1BC-514D-49B4-889F-71BB5B3D8B60}.Release|Any CPU.Build.0 = Release|Any CPU
	EndGlobalSection
	GlobalSection(SolutionProperties) = preSolution
		HideSolutionNode = FALSE
	EndGlobalSection
	GlobalSection(NestedProjects) = preSolution
		{C445AB55-A5B4-45CE-9509-353809A34522} = {D594AD90-387F-47C9-9908-64B7169D4F06}
		{79BC0DA7-8E61-48C1-8AD4-AE01621BD004} = {C079E93B-7ABC-4A81-B2AF-85162877B1AA}
		{587A9E12-3BEC-495B-9C32-DCAEFBB95035} = {11F029BF-CCB0-464D-96A9-987D7E13F01E}
		{33AD2C91-5471-4246-8B9D-9835C5551953} = {11F029BF-CCB0-464D-96A9-987D7E13F01E}
		{FE5152C9-7072-4570-8D99-2EB529F44796} = {11F029BF-CCB0-464D-96A9-987D7E13F01E}
		{8159A2B0-F35F-4DA4-A00F-7B8FD9206F24} = {692A7BE0-A3AE-4EA0-B840-3F08CD119246}
		{A036110B-1EB0-4B56-A445-ED2E8763F2BA} = {D594AD90-387F-47C9-9908-64B7169D4F06}
		{CE04A1BC-514D-49B4-889F-71BB5B3D8B60} = {D594AD90-387F-47C9-9908-64B7169D4F06}
	EndGlobalSection
	GlobalSection(ExtensibilityGlobals) = postSolution
		SolutionGuid = {745C93D8-AAB7-40AD-A053-B766968D95B6}
	EndGlobalSection
EndGlobal
