
Microsoft Visual Studio Solution File, Format Version 12.00
# Visual Studio Version 16
VisualStudioVersion = 16.0.30717.126
MinimumVisualStudioVersion = 10.0.40219.1
Project("{2150E333-8FDC-42A3-9474-1A3956D46DE8}") = "Core", "Core", "{1B362C32-D778-4079-ADAA-E9AF1366829D}"
EndProject
Project("{2150E333-8FDC-42A3-9474-1A3956D46DE8}") = "Basic", "Basic", "{1D1E9E18-9B16-40C7-AA01-1CF759D016EF}"
EndProject
Project("{2150E333-8FDC-42A3-9474-1A3956D46DE8}") = "Web", "Web", "{3E538BD6-2283-46AC-93DC-9F4019E3A04B}"
EndProject
Project("{2150E333-8FDC-42A3-9474-1A3956D46DE8}") = "Module", "Module", "{D2D47324-482A-4EA7-A37E-FF8FDFFA6FCF}"
EndProject
Project("{9A19103F-16F7-4668-BE54-9A1E7A4F7556}") = "Slickflow.BizAppService", "Slickflow.BizAppService\Slickflow.BizAppService.csproj", "{EBCCD8F2-F045-4A7E-A470-EF926F65A914}"
EndProject
Project("{9A19103F-16F7-4668-BE54-9A1E7A4F7556}") = "Slickflow.MvcDemo", "Slickflow.MvcDemo\Slickflow.MvcDemo.csproj", "{B3325CE6-C125-4C8E-8D53-44F630644703}"
EndProject
Project("{9A19103F-16F7-4668-BE54-9A1E7A4F7556}") = "Dapper", "Dapper\Dapper.csproj", "{7EDAD7AD-8707-4A62-9D7B-87944DC7E75C}"
EndProject
Project("{9A19103F-16F7-4668-BE54-9A1E7A4F7556}") = "SlickOne.WebUtility", "SlickOne.WebUtility\SlickOne.WebUtility.csproj", "{2F31C40F-5CDA-44A0-BF74-3A8DB31EEA8E}"
EndProject
Project("{9A19103F-16F7-4668-BE54-9A1E7A4F7556}") = "Slickflow.Data", "Slickflow.Data\Slickflow.Data.csproj", "{FB4B0472-94F0-4E80-AE30-22195D359532}"
EndProject
Project("{9A19103F-16F7-4668-BE54-9A1E7A4F7556}") = "Slickflow.Engine", "Slickflow.Engine\Slickflow.Engine.csproj", "{2887C72E-670A-4B28-A34D-EDE0C4AD8DAB}"
EndProject
Project("{9A19103F-16F7-4668-BE54-9A1E7A4F7556}") = "Slickflow.Module", "Slickflow.Module\Slickflow.Module.csproj", "{7710BD62-19B9-438C-9682-BC9C17BD4F02}"
EndProject
Project("{9A19103F-16F7-4668-BE54-9A1E7A4F7556}") = "Slickflow.Module.Localize", "Slickflow.Module.Localize\Slickflow.Module.Localize.csproj", "{EF59AD55-719A-4890-9E71-83643E05EBF4}"
EndProject
Project("{9A19103F-16F7-4668-BE54-9A1E7A4F7556}") = "Slickflow.Module.Resource", "Slickflow.Module.Resource\Slickflow.Module.Resource.csproj", "{9DBBA47F-DE21-4CB5-B7B1-3465111AA1CA}"
EndProject
Project("{9A19103F-16F7-4668-BE54-9A1E7A4F7556}") = "VueCliMiddleware", "VueCliMiddleware\VueCliMiddleware.csproj", "{D3760E6C-F271-4733-8E0B-BE6A1B434B05}"
EndProject
Project("{9A19103F-16F7-4668-BE54-9A1E7A4F7556}") = "Slickflow.WebDemo", "Slickflow.WebDemo\Slickflow.WebDemo.csproj", "{D7505A24-C9BB-41C3-815A-94E15D2F6DDC}"
EndProject
Project("{9A19103F-16F7-4668-BE54-9A1E7A4F7556}") = "Slickflow.HrsService", "Slickflow.HrsService\Slickflow.HrsService.csproj", "{73ABA753-49C9-42E1-94E4-705E6ECEB2A8}"
EndProject
Project("{2150E333-8FDC-42A3-9474-1A3956D46DE8}") = "WebDemo", "WebDemo", "{C2CCEF99-4111-4027-940E-E331663AEC01}"
EndProject
Project("{2150E333-8FDC-42A3-9474-1A3956D46DE8}") = "MvcDemo", "MvcDemo", "{C5F199FD-50FA-4F32-9628-DF1020F8BF76}"
EndProject
Project("{9A19103F-16F7-4668-BE54-9A1E7A4F7556}") = "Slickflow.Module.Logging", "Slickflow.Module.Logging\Slickflow.Module.Logging.csproj", "{69859E4B-5560-4501-A3BE-B63AC6818779}"
EndProject
Global
	GlobalSection(SolutionConfigurationPlatforms) = preSolution
		Debug|Any CPU = Debug|Any CPU
		Release|Any CPU = Release|Any CPU
	EndGlobalSection
	GlobalSection(ProjectConfigurationPlatforms) = postSolution
		{EBCCD8F2-F045-4A7E-A470-EF926F65A914}.Debug|Any CPU.ActiveCfg = Debug|Any CPU
		{EBCCD8F2-F045-4A7E-A470-EF926F65A914}.Debug|Any CPU.Build.0 = Debug|Any CPU
		{EBCCD8F2-F045-4A7E-A470-EF926F65A914}.Release|Any CPU.ActiveCfg = Release|Any CPU
		{EBCCD8F2-F045-4A7E-A470-EF926F65A914}.Release|Any CPU.Build.0 = Release|Any CPU
		{B3325CE6-C125-4C8E-8D53-44F630644703}.Debug|Any CPU.ActiveCfg = Debug|Any CPU
		{B3325CE6-C125-4C8E-8D53-44F630644703}.Debug|Any CPU.Build.0 = Debug|Any CPU
		{B3325CE6-C125-4C8E-8D53-44F630644703}.Release|Any CPU.ActiveCfg = Release|Any CPU
		{B3325CE6-C125-4C8E-8D53-44F630644703}.Release|Any CPU.Build.0 = Release|Any CPU
		{7EDAD7AD-8707-4A62-9D7B-87944DC7E75C}.Debug|Any CPU.ActiveCfg = Debug|Any CPU
		{7EDAD7AD-8707-4A62-9D7B-87944DC7E75C}.Debug|Any CPU.Build.0 = Debug|Any CPU
		{7EDAD7AD-8707-4A62-9D7B-87944DC7E75C}.Release|Any CPU.ActiveCfg = Release|Any CPU
		{7EDAD7AD-8707-4A62-9D7B-87944DC7E75C}.Release|Any CPU.Build.0 = Release|Any CPU
		{2F31C40F-5CDA-44A0-BF74-3A8DB31EEA8E}.Debug|Any CPU.ActiveCfg = Debug|Any CPU
		{2F31C40F-5CDA-44A0-BF74-3A8DB31EEA8E}.Debug|Any CPU.Build.0 = Debug|Any CPU
		{2F31C40F-5CDA-44A0-BF74-3A8DB31EEA8E}.Release|Any CPU.ActiveCfg = Release|Any CPU
		{2F31C40F-5CDA-44A0-BF74-3A8DB31EEA8E}.Release|Any CPU.Build.0 = Release|Any CPU
		{FB4B0472-94F0-4E80-AE30-22195D359532}.Debug|Any CPU.ActiveCfg = Debug|Any CPU
		{FB4B0472-94F0-4E80-AE30-22195D359532}.Debug|Any CPU.Build.0 = Debug|Any CPU
		{FB4B0472-94F0-4E80-AE30-22195D359532}.Release|Any CPU.ActiveCfg = Release|Any CPU
		{FB4B0472-94F0-4E80-AE30-22195D359532}.Release|Any CPU.Build.0 = Release|Any CPU
		{2887C72E-670A-4B28-A34D-EDE0C4AD8DAB}.Debug|Any CPU.ActiveCfg = Debug|Any CPU
		{2887C72E-670A-4B28-A34D-EDE0C4AD8DAB}.Debug|Any CPU.Build.0 = Debug|Any CPU
		{2887C72E-670A-4B28-A34D-EDE0C4AD8DAB}.Release|Any CPU.ActiveCfg = Release|Any CPU
		{2887C72E-670A-4B28-A34D-EDE0C4AD8DAB}.Release|Any CPU.Build.0 = Release|Any CPU
		{7710BD62-19B9-438C-9682-BC9C17BD4F02}.Debug|Any CPU.ActiveCfg = Debug|Any CPU
		{7710BD62-19B9-438C-9682-BC9C17BD4F02}.Debug|Any CPU.Build.0 = Debug|Any CPU
		{7710BD62-19B9-438C-9682-BC9C17BD4F02}.Release|Any CPU.ActiveCfg = Release|Any CPU
		{7710BD62-19B9-438C-9682-BC9C17BD4F02}.Release|Any CPU.Build.0 = Release|Any CPU
		{EF59AD55-719A-4890-9E71-83643E05EBF4}.Debug|Any CPU.ActiveCfg = Debug|Any CPU
		{EF59AD55-719A-4890-9E71-83643E05EBF4}.Debug|Any CPU.Build.0 = Debug|Any CPU
		{EF59AD55-719A-4890-9E71-83643E05EBF4}.Release|Any CPU.ActiveCfg = Release|Any CPU
		{EF59AD55-719A-4890-9E71-83643E05EBF4}.Release|Any CPU.Build.0 = Release|Any CPU
		{9DBBA47F-DE21-4CB5-B7B1-3465111AA1CA}.Debug|Any CPU.ActiveCfg = Debug|Any CPU
		{9DBBA47F-DE21-4CB5-B7B1-3465111AA1CA}.Debug|Any CPU.Build.0 = Debug|Any CPU
		{9DBBA47F-DE21-4CB5-B7B1-3465111AA1CA}.Release|Any CPU.ActiveCfg = Release|Any CPU
		{9DBBA47F-DE21-4CB5-B7B1-3465111AA1CA}.Release|Any CPU.Build.0 = Release|Any CPU
		{D3760E6C-F271-4733-8E0B-BE6A1B434B05}.Debug|Any CPU.ActiveCfg = Debug|Any CPU
		{D3760E6C-F271-4733-8E0B-BE6A1B434B05}.Debug|Any CPU.Build.0 = Debug|Any CPU
		{D3760E6C-F271-4733-8E0B-BE6A1B434B05}.Release|Any CPU.ActiveCfg = Release|Any CPU
		{D3760E6C-F271-4733-8E0B-BE6A1B434B05}.Release|Any CPU.Build.0 = Release|Any CPU
		{D7505A24-C9BB-41C3-815A-94E15D2F6DDC}.Debug|Any CPU.ActiveCfg = Debug|Any CPU
		{D7505A24-C9BB-41C3-815A-94E15D2F6DDC}.Debug|Any CPU.Build.0 = Debug|Any CPU
		{D7505A24-C9BB-41C3-815A-94E15D2F6DDC}.Release|Any CPU.ActiveCfg = Release|Any CPU
		{D7505A24-C9BB-41C3-815A-94E15D2F6DDC}.Release|Any CPU.Build.0 = Release|Any CPU
		{73ABA753-49C9-42E1-94E4-705E6ECEB2A8}.Debug|Any CPU.ActiveCfg = Debug|Any CPU
		{73ABA753-49C9-42E1-94E4-705E6ECEB2A8}.Debug|Any CPU.Build.0 = Debug|Any CPU
		{73ABA753-49C9-42E1-94E4-705E6ECEB2A8}.Release|Any CPU.ActiveCfg = Release|Any CPU
		{73ABA753-49C9-42E1-94E4-705E6ECEB2A8}.Release|Any CPU.Build.0 = Release|Any CPU
		{69859E4B-5560-4501-A3BE-B63AC6818779}.Debug|Any CPU.ActiveCfg = Debug|Any CPU
		{69859E4B-5560-4501-A3BE-B63AC6818779}.Debug|Any CPU.Build.0 = Debug|Any CPU
		{69859E4B-5560-4501-A3BE-B63AC6818779}.Release|Any CPU.ActiveCfg = Release|Any CPU
		{69859E4B-5560-4501-A3BE-B63AC6818779}.Release|Any CPU.Build.0 = Release|Any CPU
	EndGlobalSection
	GlobalSection(SolutionProperties) = preSolution
		HideSolutionNode = FALSE
	EndGlobalSection
	GlobalSection(NestedProjects) = preSolution
		{EBCCD8F2-F045-4A7E-A470-EF926F65A914} = {C5F199FD-50FA-4F32-9628-DF1020F8BF76}
		{B3325CE6-C125-4C8E-8D53-44F630644703} = {C5F199FD-50FA-4F32-9628-DF1020F8BF76}
		{7EDAD7AD-8707-4A62-9D7B-87944DC7E75C} = {1D1E9E18-9B16-40C7-AA01-1CF759D016EF}
		{2F31C40F-5CDA-44A0-BF74-3A8DB31EEA8E} = {1D1E9E18-9B16-40C7-AA01-1CF759D016EF}
		{FB4B0472-94F0-4E80-AE30-22195D359532} = {1B362C32-D778-4079-ADAA-E9AF1366829D}
		{2887C72E-670A-4B28-A34D-EDE0C4AD8DAB} = {1B362C32-D778-4079-ADAA-E9AF1366829D}
		{7710BD62-19B9-438C-9682-BC9C17BD4F02} = {1B362C32-D778-4079-ADAA-E9AF1366829D}
		{EF59AD55-719A-4890-9E71-83643E05EBF4} = {D2D47324-482A-4EA7-A37E-FF8FDFFA6FCF}
		{9DBBA47F-DE21-4CB5-B7B1-3465111AA1CA} = {D2D47324-482A-4EA7-A37E-FF8FDFFA6FCF}
		{D3760E6C-F271-4733-8E0B-BE6A1B434B05} = {1D1E9E18-9B16-40C7-AA01-1CF759D016EF}
		{D7505A24-C9BB-41C3-815A-94E15D2F6DDC} = {C2CCEF99-4111-4027-940E-E331663AEC01}
		{73ABA753-49C9-42E1-94E4-705E6ECEB2A8} = {C2CCEF99-4111-4027-940E-E331663AEC01}
		{C2CCEF99-4111-4027-940E-E331663AEC01} = {3E538BD6-2283-46AC-93DC-9F4019E3A04B}
		{C5F199FD-50FA-4F32-9628-DF1020F8BF76} = {3E538BD6-2283-46AC-93DC-9F4019E3A04B}
		{69859E4B-5560-4501-A3BE-B63AC6818779} = {D2D47324-482A-4EA7-A37E-FF8FDFFA6FCF}
	EndGlobalSection
	GlobalSection(ExtensibilityGlobals) = postSolution
		SolutionGuid = {0AA9B361-0AF3-4C2F-8AE4-2EEA4AC2FABE}
	EndGlobalSection
EndGlobal
