
Microsoft Visual Studio Solution File, Format Version 12.00
# Visual Studio Version 16
VisualStudioVersion = 16.0.30717.126
MinimumVisualStudioVersion = 10.0.40219.1
Project("{9A19103F-16F7-4668-BE54-9A1E7A4F7556}") = "Slickflow.Engine", "Slickflow.Engine\Slickflow.Engine.csproj", "{59101DC2-F7A3-4F0D-91DB-650C3BA2D1A7}"
EndProject
Project("{2150E333-8FDC-42A3-9474-1A3956D46DE8}") = "Core", "Core", "{1B362C32-D778-4079-ADAA-E9AF1366829D}"
EndProject
Project("{2150E333-8FDC-42A3-9474-1A3956D46DE8}") = "Basic", "Basic", "{1D1E9E18-9B16-40C7-AA01-1CF759D016EF}"
EndProject
Project("{2150E333-8FDC-42A3-9474-1A3956D46DE8}") = "Web", "Web", "{3E538BD6-2283-46AC-93DC-9F4019E3A04B}"
EndProject
Project("{9A19103F-16F7-4668-BE54-9A1E7A4F7556}") = "Slickflow.Module", "Slickflow.Module\Slickflow.Module.csproj", "{F325BFE7-C655-4CA1-8D1A-67B337FC9BD7}"
EndProject
Project("{2150E333-8FDC-42A3-9474-1A3956D46DE8}") = "Module", "Module", "{D2D47324-482A-4EA7-A37E-FF8FDFFA6FCF}"
EndProject
Project("{9A19103F-16F7-4668-BE54-9A1E7A4F7556}") = "Slickflow.Module.Resource", "Slickflow.Module.Resource\Slickflow.Module.Resource.csproj", "{FC6FF6D6-4E76-4ED8-A522-AEDDADB5F30B}"
EndProject
Project("{9A19103F-16F7-4668-BE54-9A1E7A4F7556}") = "SlickOne.WebUtility", "SlickOne.WebUtility\SlickOne.WebUtility.csproj", "{69F5E50C-30FB-4BF5-B8A9-00EC5DBC9FD2}"
EndProject
Project("{9A19103F-16F7-4668-BE54-9A1E7A4F7556}") = "Slickflow.Data", "Slickflow.Data\Slickflow.Data.csproj", "{87A163CD-97E3-4ED5-BDCB-6C1038E6841E}"
EndProject
Project("{2150E333-8FDC-42A3-9474-1A3956D46DE8}") = "Designer", "Designer", "{9351AEE3-F408-4302-9739-64203C98FF11}"
EndProject
Project("{9A19103F-16F7-4668-BE54-9A1E7A4F7556}") = "Slickflow.Module.Localize", "Slickflow.Module.Localize\Slickflow.Module.Localize.csproj", "{1FF76220-ABB3-40CE-A015-E10191DD28D9}"
EndProject
Project("{9A19103F-16F7-4668-BE54-9A1E7A4F7556}") = "Dapper", "Dapper\Dapper.csproj", "{D62C13A1-82B7-45C7-B40C-53F779058002}"
EndProject
Project("{9A19103F-16F7-4668-BE54-9A1E7A4F7556}") = "Slickflow.Module.Logging", "Slickflow.Module.Logging\Slickflow.Module.Logging.csproj", "{96DA848E-FA12-4EC9-B63F-008FAB8D667C}"
EndProject
Project("{9A19103F-16F7-4668-BE54-9A1E7A4F7556}") = "Slickflow.WebApi", "Slickflow.WebApi\Slickflow.WebApi.csproj", "{AE4315C0-7D21-4FD6-A989-C308C12CD61E}"
EndProject
Project("{9A19103F-16F7-4668-BE54-9A1E7A4F7556}") = "Slickflow.Designer", "Slickflow.Designer\Slickflow.Designer.csproj", "{084ACBB8-E15D-4FB3-B07C-97DC370D6812}"
EndProject
Global
	GlobalSection(SolutionConfigurationPlatforms) = preSolution
		Debug|Any CPU = Debug|Any CPU
		Release|Any CPU = Release|Any CPU
	EndGlobalSection
	GlobalSection(ProjectConfigurationPlatforms) = postSolution
		{59101DC2-F7A3-4F0D-91DB-650C3BA2D1A7}.Debug|Any CPU.ActiveCfg = Debug|Any CPU
		{59101DC2-F7A3-4F0D-91DB-650C3BA2D1A7}.Debug|Any CPU.Build.0 = Debug|Any CPU
		{59101DC2-F7A3-4F0D-91DB-650C3BA2D1A7}.Release|Any CPU.ActiveCfg = Release|Any CPU
		{59101DC2-F7A3-4F0D-91DB-650C3BA2D1A7}.Release|Any CPU.Build.0 = Release|Any CPU
		{F325BFE7-C655-4CA1-8D1A-67B337FC9BD7}.Debug|Any CPU.ActiveCfg = Debug|Any CPU
		{F325BFE7-C655-4CA1-8D1A-67B337FC9BD7}.Debug|Any CPU.Build.0 = Debug|Any CPU
		{F325BFE7-C655-4CA1-8D1A-67B337FC9BD7}.Release|Any CPU.ActiveCfg = Release|Any CPU
		{F325BFE7-C655-4CA1-8D1A-67B337FC9BD7}.Release|Any CPU.Build.0 = Release|Any CPU
		{FC6FF6D6-4E76-4ED8-A522-AEDDADB5F30B}.Debug|Any CPU.ActiveCfg = Debug|Any CPU
		{FC6FF6D6-4E76-4ED8-A522-AEDDADB5F30B}.Debug|Any CPU.Build.0 = Debug|Any CPU
		{FC6FF6D6-4E76-4ED8-A522-AEDDADB5F30B}.Release|Any CPU.ActiveCfg = Release|Any CPU
		{FC6FF6D6-4E76-4ED8-A522-AEDDADB5F30B}.Release|Any CPU.Build.0 = Release|Any CPU
		{69F5E50C-30FB-4BF5-B8A9-00EC5DBC9FD2}.Debug|Any CPU.ActiveCfg = Debug|Any CPU
		{69F5E50C-30FB-4BF5-B8A9-00EC5DBC9FD2}.Debug|Any CPU.Build.0 = Debug|Any CPU
		{69F5E50C-30FB-4BF5-B8A9-00EC5DBC9FD2}.Release|Any CPU.ActiveCfg = Release|Any CPU
		{69F5E50C-30FB-4BF5-B8A9-00EC5DBC9FD2}.Release|Any CPU.Build.0 = Release|Any CPU
		{87A163CD-97E3-4ED5-BDCB-6C1038E6841E}.Debug|Any CPU.ActiveCfg = Debug|Any CPU
		{87A163CD-97E3-4ED5-BDCB-6C1038E6841E}.Debug|Any CPU.Build.0 = Debug|Any CPU
		{87A163CD-97E3-4ED5-BDCB-6C1038E6841E}.Release|Any CPU.ActiveCfg = Release|Any CPU
		{87A163CD-97E3-4ED5-BDCB-6C1038E6841E}.Release|Any CPU.Build.0 = Release|Any CPU
		{1FF76220-ABB3-40CE-A015-E10191DD28D9}.Debug|Any CPU.ActiveCfg = Debug|Any CPU
		{1FF76220-ABB3-40CE-A015-E10191DD28D9}.Debug|Any CPU.Build.0 = Debug|Any CPU
		{1FF76220-ABB3-40CE-A015-E10191DD28D9}.Release|Any CPU.ActiveCfg = Release|Any CPU
		{1FF76220-ABB3-40CE-A015-E10191DD28D9}.Release|Any CPU.Build.0 = Release|Any CPU
		{D62C13A1-82B7-45C7-B40C-53F779058002}.Debug|Any CPU.ActiveCfg = Debug|Any CPU
		{D62C13A1-82B7-45C7-B40C-53F779058002}.Debug|Any CPU.Build.0 = Debug|Any CPU
		{D62C13A1-82B7-45C7-B40C-53F779058002}.Release|Any CPU.ActiveCfg = Release|Any CPU
		{D62C13A1-82B7-45C7-B40C-53F779058002}.Release|Any CPU.Build.0 = Release|Any CPU
		{96DA848E-FA12-4EC9-B63F-008FAB8D667C}.Debug|Any CPU.ActiveCfg = Debug|Any CPU
		{96DA848E-FA12-4EC9-B63F-008FAB8D667C}.Debug|Any CPU.Build.0 = Debug|Any CPU
		{96DA848E-FA12-4EC9-B63F-008FAB8D667C}.Release|Any CPU.ActiveCfg = Release|Any CPU
		{96DA848E-FA12-4EC9-B63F-008FAB8D667C}.Release|Any CPU.Build.0 = Release|Any CPU
		{AE4315C0-7D21-4FD6-A989-C308C12CD61E}.Debug|Any CPU.ActiveCfg = Debug|Any CPU
		{AE4315C0-7D21-4FD6-A989-C308C12CD61E}.Debug|Any CPU.Build.0 = Debug|Any CPU
		{AE4315C0-7D21-4FD6-A989-C308C12CD61E}.Release|Any CPU.ActiveCfg = Release|Any CPU
		{AE4315C0-7D21-4FD6-A989-C308C12CD61E}.Release|Any CPU.Build.0 = Release|Any CPU
		{084ACBB8-E15D-4FB3-B07C-97DC370D6812}.Debug|Any CPU.ActiveCfg = Debug|Any CPU
		{084ACBB8-E15D-4FB3-B07C-97DC370D6812}.Debug|Any CPU.Build.0 = Debug|Any CPU
		{084ACBB8-E15D-4FB3-B07C-97DC370D6812}.Release|Any CPU.ActiveCfg = Release|Any CPU
		{084ACBB8-E15D-4FB3-B07C-97DC370D6812}.Release|Any CPU.Build.0 = Release|Any CPU
	EndGlobalSection
	GlobalSection(SolutionProperties) = preSolution
		HideSolutionNode = FALSE
	EndGlobalSection
	GlobalSection(NestedProjects) = preSolution
		{59101DC2-F7A3-4F0D-91DB-650C3BA2D1A7} = {1B362C32-D778-4079-ADAA-E9AF1366829D}
		{F325BFE7-C655-4CA1-8D1A-67B337FC9BD7} = {1B362C32-D778-4079-ADAA-E9AF1366829D}
		{FC6FF6D6-4E76-4ED8-A522-AEDDADB5F30B} = {D2D47324-482A-4EA7-A37E-FF8FDFFA6FCF}
		{69F5E50C-30FB-4BF5-B8A9-00EC5DBC9FD2} = {1D1E9E18-9B16-40C7-AA01-1CF759D016EF}
		{87A163CD-97E3-4ED5-BDCB-6C1038E6841E} = {1B362C32-D778-4079-ADAA-E9AF1366829D}
		{1FF76220-ABB3-40CE-A015-E10191DD28D9} = {D2D47324-482A-4EA7-A37E-FF8FDFFA6FCF}
		{D62C13A1-82B7-45C7-B40C-53F779058002} = {1D1E9E18-9B16-40C7-AA01-1CF759D016EF}
		{96DA848E-FA12-4EC9-B63F-008FAB8D667C} = {D2D47324-482A-4EA7-A37E-FF8FDFFA6FCF}
		{AE4315C0-7D21-4FD6-A989-C308C12CD61E} = {3E538BD6-2283-46AC-93DC-9F4019E3A04B}
		{084ACBB8-E15D-4FB3-B07C-97DC370D6812} = {9351AEE3-F408-4302-9739-64203C98FF11}
	EndGlobalSection
	GlobalSection(ExtensibilityGlobals) = postSolution
		SolutionGuid = {0AA9B361-0AF3-4C2F-8AE4-2EEA4AC2FABE}
	EndGlobalSection
EndGlobal
