
Microsoft Visual Studio Solution File, Format Version 12.00
# Visual Studio 15
VisualStudioVersion = 15.0.26730.16
MinimumVisualStudioVersion = 10.0.40219.1
Project("{9A19103F-16F7-4668-BE54-9A1E7A4F7556}") = "Slickflow.Engine", "Slickflow.Engine\Slickflow.Engine.csproj", "{59101DC2-F7A3-4F0D-91DB-650C3BA2D1A7}"
EndProject
Project("{2150E333-8FDC-42A3-9474-1A3956D46DE8}") = "Core", "Core", "{1B362C32-D778-4079-ADAA-E9AF1366829D}"
EndProject
Project("{2150E333-8FDC-42A3-9474-1A3956D46DE8}") = "Basic", "Basic", "{1D1E9E18-9B16-40C7-AA01-1CF759D016EF}"
EndProject
Project("{2150E333-8FDC-42A3-9474-1A3956D46DE8}") = "Web", "Web", "{3E538BD6-2283-46AC-93DC-9F4019E3A04B}"
EndProject
Project("{9A19103F-16F7-4668-BE54-9A1E7A4F7556}") = "Slickflow.Module", "Slickflow.Module\Slickflow.Module.csproj", "{F325BFE7-C655-4CA1-8D1A-67B337FC9BD7}"
EndProject
Project("{2150E333-8FDC-42A3-9474-1A3956D46DE8}") = "Module", "Module", "{D2D47324-482A-4EA7-A37E-FF8FDFFA6FCF}"
EndProject
Project("{9A19103F-16F7-4668-BE54-9A1E7A4F7556}") = "Slickflow.Module.Resource", "Slickflow.Module.Resource\Slickflow.Module.Resource.csproj", "{FC6FF6D6-4E76-4ED8-A522-AEDDADB5F30B}"
EndProject
Project("{9A19103F-16F7-4668-BE54-9A1E7A4F7556}") = "SlickOne.WebUtility", "SlickOne.WebUtility\SlickOne.WebUtility.csproj", "{69F5E50C-30FB-4BF5-B8A9-00EC5DBC9FD2}"
EndProject
Project("{9A19103F-16F7-4668-BE54-9A1E7A4F7556}") = "Slickflow.WebApi", "Slickflow.WebApi\Slickflow.WebApi.csproj", "{D5EEF569-9AE7-414B-93F0-548498B10D13}"
EndProject
Project("{2150E333-8FDC-42A3-9474-1A3956D46DE8}") = "Test", "Test", "{98DE86E5-3EE9-4C35-8B44-033109836068}"
EndProject
Project("{9A19103F-16F7-4668-BE54-9A1E7A4F7556}") = "Slickflow.UnitTest", "Slickflow.UnitTest\Slickflow.UnitTest.csproj", "{440E99B5-53DE-417B-9DAF-B5BDAF4E624A}"
EndProject
Project("{9A19103F-16F7-4668-BE54-9A1E7A4F7556}") = "Slickflow.UpConsole", "Slickflow.UpConsole\Slickflow.UpConsole.csproj", "{69B7E6EF-1DE7-47D3-A32A-42AB9D8E695F}"
EndProject
Project("{9A19103F-16F7-4668-BE54-9A1E7A4F7556}") = "Slickflow.Designer", "Slickflow.Designer\Slickflow.Designer.csproj", "{30356CC2-0371-4522-9FC4-C004B45A4FAE}"
EndProject
Project("{9A19103F-16F7-4668-BE54-9A1E7A4F7556}") = "Slickflow.Data", "Slickflow.Data\Slickflow.Data.csproj", "{22061D06-2808-4EA1-A594-2407D61B0BD3}"
EndProject
Project("{9A19103F-16F7-4668-BE54-9A1E7A4F7556}") = "Slickflow.EFCoreMgr", "Slickflow.EFCoreMgr\Slickflow.EFCoreMgr.csproj", "{440C84A6-7BEE-4AFA-A77E-813AF12DC6CB}"
EndProject
Project("{2150E333-8FDC-42A3-9474-1A3956D46DE8}") = "Schema", "Schema", "{FE36597B-8EE5-4B27-B3CD-1C74F6515274}"
EndProject
Project("{9A19103F-16F7-4668-BE54-9A1E7A4F7556}") = "Slickflow.EFCoreMgr4MySQL", "Slickflow.EFCoreMgr4MySQL\Slickflow.EFCoreMgr4MySQL.csproj", "{843C3350-02ED-4FE3-A55A-7CA354DA8C60}"
EndProject
Global
	GlobalSection(SolutionConfigurationPlatforms) = preSolution
		Debug|Any CPU = Debug|Any CPU
		Release|Any CPU = Release|Any CPU
	EndGlobalSection
	GlobalSection(ProjectConfigurationPlatforms) = postSolution
		{59101DC2-F7A3-4F0D-91DB-650C3BA2D1A7}.Debug|Any CPU.ActiveCfg = Debug|Any CPU
		{59101DC2-F7A3-4F0D-91DB-650C3BA2D1A7}.Debug|Any CPU.Build.0 = Debug|Any CPU
		{59101DC2-F7A3-4F0D-91DB-650C3BA2D1A7}.Release|Any CPU.ActiveCfg = Release|Any CPU
		{59101DC2-F7A3-4F0D-91DB-650C3BA2D1A7}.Release|Any CPU.Build.0 = Release|Any CPU
		{F325BFE7-C655-4CA1-8D1A-67B337FC9BD7}.Debug|Any CPU.ActiveCfg = Debug|Any CPU
		{F325BFE7-C655-4CA1-8D1A-67B337FC9BD7}.Debug|Any CPU.Build.0 = Debug|Any CPU
		{F325BFE7-C655-4CA1-8D1A-67B337FC9BD7}.Release|Any CPU.ActiveCfg = Release|Any CPU
		{F325BFE7-C655-4CA1-8D1A-67B337FC9BD7}.Release|Any CPU.Build.0 = Release|Any CPU
		{FC6FF6D6-4E76-4ED8-A522-AEDDADB5F30B}.Debug|Any CPU.ActiveCfg = Debug|Any CPU
		{FC6FF6D6-4E76-4ED8-A522-AEDDADB5F30B}.Debug|Any CPU.Build.0 = Debug|Any CPU
		{FC6FF6D6-4E76-4ED8-A522-AEDDADB5F30B}.Release|Any CPU.ActiveCfg = Release|Any CPU
		{FC6FF6D6-4E76-4ED8-A522-AEDDADB5F30B}.Release|Any CPU.Build.0 = Release|Any CPU
		{69F5E50C-30FB-4BF5-B8A9-00EC5DBC9FD2}.Debug|Any CPU.ActiveCfg = Debug|Any CPU
		{69F5E50C-30FB-4BF5-B8A9-00EC5DBC9FD2}.Debug|Any CPU.Build.0 = Debug|Any CPU
		{69F5E50C-30FB-4BF5-B8A9-00EC5DBC9FD2}.Release|Any CPU.ActiveCfg = Release|Any CPU
		{69F5E50C-30FB-4BF5-B8A9-00EC5DBC9FD2}.Release|Any CPU.Build.0 = Release|Any CPU
		{D5EEF569-9AE7-414B-93F0-548498B10D13}.Debug|Any CPU.ActiveCfg = Debug|Any CPU
		{D5EEF569-9AE7-414B-93F0-548498B10D13}.Debug|Any CPU.Build.0 = Debug|Any CPU
		{D5EEF569-9AE7-414B-93F0-548498B10D13}.Release|Any CPU.ActiveCfg = Release|Any CPU
		{D5EEF569-9AE7-414B-93F0-548498B10D13}.Release|Any CPU.Build.0 = Release|Any CPU
		{440E99B5-53DE-417B-9DAF-B5BDAF4E624A}.Debug|Any CPU.ActiveCfg = Debug|Any CPU
		{440E99B5-53DE-417B-9DAF-B5BDAF4E624A}.Debug|Any CPU.Build.0 = Debug|Any CPU
		{440E99B5-53DE-417B-9DAF-B5BDAF4E624A}.Release|Any CPU.ActiveCfg = Release|Any CPU
		{440E99B5-53DE-417B-9DAF-B5BDAF4E624A}.Release|Any CPU.Build.0 = Release|Any CPU
		{69B7E6EF-1DE7-47D3-A32A-42AB9D8E695F}.Debug|Any CPU.ActiveCfg = Debug|Any CPU
		{69B7E6EF-1DE7-47D3-A32A-42AB9D8E695F}.Debug|Any CPU.Build.0 = Debug|Any CPU
		{69B7E6EF-1DE7-47D3-A32A-42AB9D8E695F}.Release|Any CPU.ActiveCfg = Release|Any CPU
		{69B7E6EF-1DE7-47D3-A32A-42AB9D8E695F}.Release|Any CPU.Build.0 = Release|Any CPU
		{30356CC2-0371-4522-9FC4-C004B45A4FAE}.Debug|Any CPU.ActiveCfg = Debug|Any CPU
		{30356CC2-0371-4522-9FC4-C004B45A4FAE}.Debug|Any CPU.Build.0 = Debug|Any CPU
		{30356CC2-0371-4522-9FC4-C004B45A4FAE}.Release|Any CPU.ActiveCfg = Release|Any CPU
		{30356CC2-0371-4522-9FC4-C004B45A4FAE}.Release|Any CPU.Build.0 = Release|Any CPU
		{22061D06-2808-4EA1-A594-2407D61B0BD3}.Debug|Any CPU.ActiveCfg = Debug|Any CPU
		{22061D06-2808-4EA1-A594-2407D61B0BD3}.Debug|Any CPU.Build.0 = Debug|Any CPU
		{22061D06-2808-4EA1-A594-2407D61B0BD3}.Release|Any CPU.ActiveCfg = Release|Any CPU
		{22061D06-2808-4EA1-A594-2407D61B0BD3}.Release|Any CPU.Build.0 = Release|Any CPU
		{440C84A6-7BEE-4AFA-A77E-813AF12DC6CB}.Debug|Any CPU.ActiveCfg = Debug|Any CPU
		{440C84A6-7BEE-4AFA-A77E-813AF12DC6CB}.Debug|Any CPU.Build.0 = Debug|Any CPU
		{440C84A6-7BEE-4AFA-A77E-813AF12DC6CB}.Release|Any CPU.ActiveCfg = Release|Any CPU
		{440C84A6-7BEE-4AFA-A77E-813AF12DC6CB}.Release|Any CPU.Build.0 = Release|Any CPU
		{843C3350-02ED-4FE3-A55A-7CA354DA8C60}.Debug|Any CPU.ActiveCfg = Debug|Any CPU
		{843C3350-02ED-4FE3-A55A-7CA354DA8C60}.Debug|Any CPU.Build.0 = Debug|Any CPU
		{843C3350-02ED-4FE3-A55A-7CA354DA8C60}.Release|Any CPU.ActiveCfg = Release|Any CPU
		{843C3350-02ED-4FE3-A55A-7CA354DA8C60}.Release|Any CPU.Build.0 = Release|Any CPU
	EndGlobalSection
	GlobalSection(SolutionProperties) = preSolution
		HideSolutionNode = FALSE
	EndGlobalSection
	GlobalSection(NestedProjects) = preSolution
		{59101DC2-F7A3-4F0D-91DB-650C3BA2D1A7} = {1B362C32-D778-4079-ADAA-E9AF1366829D}
		{F325BFE7-C655-4CA1-8D1A-67B337FC9BD7} = {1B362C32-D778-4079-ADAA-E9AF1366829D}
		{FC6FF6D6-4E76-4ED8-A522-AEDDADB5F30B} = {D2D47324-482A-4EA7-A37E-FF8FDFFA6FCF}
		{69F5E50C-30FB-4BF5-B8A9-00EC5DBC9FD2} = {1D1E9E18-9B16-40C7-AA01-1CF759D016EF}
		{D5EEF569-9AE7-414B-93F0-548498B10D13} = {3E538BD6-2283-46AC-93DC-9F4019E3A04B}
		{440E99B5-53DE-417B-9DAF-B5BDAF4E624A} = {98DE86E5-3EE9-4C35-8B44-033109836068}
		{69B7E6EF-1DE7-47D3-A32A-42AB9D8E695F} = {98DE86E5-3EE9-4C35-8B44-033109836068}
		{30356CC2-0371-4522-9FC4-C004B45A4FAE} = {3E538BD6-2283-46AC-93DC-9F4019E3A04B}
		{22061D06-2808-4EA1-A594-2407D61B0BD3} = {1B362C32-D778-4079-ADAA-E9AF1366829D}
		{440C84A6-7BEE-4AFA-A77E-813AF12DC6CB} = {FE36597B-8EE5-4B27-B3CD-1C74F6515274}
		{843C3350-02ED-4FE3-A55A-7CA354DA8C60} = {FE36597B-8EE5-4B27-B3CD-1C74F6515274}
	EndGlobalSection
	GlobalSection(ExtensibilityGlobals) = postSolution
		SolutionGuid = {0AA9B361-0AF3-4C2F-8AE4-2EEA4AC2FABE}
	EndGlobalSection
EndGlobal
