
Microsoft Visual Studio Solution File, Format Version 12.00
# Visual Studio Version 17
VisualStudioVersion = 17.1.32421.90
MinimumVisualStudioVersion = 10.0.40219.1
Project("{9A19103F-16F7-4668-BE54-9A1E7A4F7556}") = "sfdapi", "sfdapi\sfdapi.csproj", "{FACA156E-D43B-4889-A530-A342517B7984}"
EndProject
Project("{2150E333-8FDC-42A3-9474-1A3956D46DE8}") = "Data", "Data", "{8B60029A-29B1-4D3C-B5CD-D577DBB63CAE}"
EndProject
Project("{9A19103F-16F7-4668-BE54-9A1E7A4F7556}") = "Slickflow.Data", "Lib\Slickflow.Data\Slickflow.Data.csproj", "{56C199E4-7F68-4DB5-A4CB-D7C745F286BE}"
EndProject
Project("{2150E333-8FDC-42A3-9474-1A3956D46DE8}") = "Engine", "Engine", "{21EBDD8F-B8EC-4ACF-A231-8479FDC11581}"
EndProject
Project("{9A19103F-16F7-4668-BE54-9A1E7A4F7556}") = "Slickflow.Engine", "Lib\Slickflow.Engine\Slickflow.Engine.csproj", "{1B28181E-6355-4B89-9B05-04FC7641582C}"
EndProject
Project("{9A19103F-16F7-4668-BE54-9A1E7A4F7556}") = "Slickflow.Module", "Lib\Slickflow.Module\Slickflow.Module.csproj", "{EE25354D-DC93-43BE-A935-1D59D3E4E8D2}"
EndProject
Project("{9A19103F-16F7-4668-BE54-9A1E7A4F7556}") = "Slickflow.Module.Essential", "lib\Slickflow.Module.Essential\Slickflow.Module.Essential.csproj", "{7F5FEC2B-BC34-4D7B-9ED5-1DDDE7542D94}"
EndProject
Project("{9A19103F-16F7-4668-BE54-9A1E7A4F7556}") = "Slickflow.Module.Localize", "lib\Slickflow.Module.Localize\Slickflow.Module.Localize.csproj", "{6FCCA783-8396-4937-B2EC-538C96A66D65}"
EndProject
Project("{9A19103F-16F7-4668-BE54-9A1E7A4F7556}") = "Slickflow.Module.Logging", "lib\Slickflow.Module.Logging\Slickflow.Module.Logging.csproj", "{546812B2-1F01-4FCB-9BA0-D15177FFC50B}"
EndProject
Project("{9A19103F-16F7-4668-BE54-9A1E7A4F7556}") = "Slickflow.Module.Resource", "lib\Slickflow.Module.Resource\Slickflow.Module.Resource.csproj", "{AA39993C-736A-4FB2-8A88-541A57FB143B}"
EndProject
Project("{9A19103F-16F7-4668-BE54-9A1E7A4F7556}") = "Dapper", "lib\Dapper\Dapper.csproj", "{1B78667E-3F92-44BD-A2D5-931CE6261C48}"
EndProject
Project("{9A19103F-16F7-4668-BE54-9A1E7A4F7556}") = "Slickflow.Data.DataProvider", "lib\Slickflow.Data.DataProvider\Slickflow.Data.DataProvider.csproj", "{2038233B-791B-4043-9D74-FAB158CBB7A9}"
EndProject
Project("{9A19103F-16F7-4668-BE54-9A1E7A4F7556}") = "Slickflow.Graph.BPMN", "lib\Slickflow.Graph.BPMN\Slickflow.Graph.BPMN.csproj", "{4211255C-886A-4035-915A-287CE97767E7}"
EndProject
Project("{2150E333-8FDC-42A3-9474-1A3956D46DE8}") = "Service", "Service", "{8711F0CF-00FF-4F2C-94B2-0F61D0741CDC}"
EndProject
Project("{2150E333-8FDC-42A3-9474-1A3956D46DE8}") = "WebDemo", "WebDemo", "{EC204A70-33AB-446C-84EA-7B45412BDCF2}"
EndProject
Project("{9A19103F-16F7-4668-BE54-9A1E7A4F7556}") = "Slickflow.MvcDemo", "demo\Slickflow.MvcDemo\Slickflow.MvcDemo.csproj", "{C80C5D9D-11F5-4229-B93B-1819F8F98A86}"
EndProject
Project("{9A19103F-16F7-4668-BE54-9A1E7A4F7556}") = "Slickflow.WebDemo", "demo\Slickflow.WebDemo\Slickflow.WebDemo.csproj", "{835531B8-EBC2-460C-B8E7-4F90E3F9B91C}"
EndProject
Project("{9A19103F-16F7-4668-BE54-9A1E7A4F7556}") = "Slickflow.BizAppService", "demo\Slickflow.BizAppService\Slickflow.BizAppService.csproj", "{8003A9E1-7C91-4085-B11E-7E278CAB393D}"
EndProject
Project("{9A19103F-16F7-4668-BE54-9A1E7A4F7556}") = "Slickflow.HrsService", "demo\Slickflow.HrsService\Slickflow.HrsService.csproj", "{F39A3501-47F8-4399-9D82-BB115D4F934B}"
EndProject
Project("{2150E333-8FDC-42A3-9474-1A3956D46DE8}") = "Utility", "Utility", "{F53BCF5F-CF29-4088-9A3D-B8B85CF380FF}"
EndProject
Project("{9A19103F-16F7-4668-BE54-9A1E7A4F7556}") = "SlickOne.WebUtility", "utility\SlickOne.WebUtility\SlickOne.WebUtility.csproj", "{15B869BB-92BF-46E8-9A51-CEA20E200403}"
EndProject
Project("{9A19103F-16F7-4668-BE54-9A1E7A4F7556}") = "VueCliMiddleware", "utility\VueCliMiddleware\VueCliMiddleware.csproj", "{5F7E6CF9-C02F-44D1-A75E-3E5A397D08E9}"
EndProject
Global
	GlobalSection(SolutionConfigurationPlatforms) = preSolution
		Debug|Any CPU = Debug|Any CPU
		Release|Any CPU = Release|Any CPU
	EndGlobalSection
	GlobalSection(ProjectConfigurationPlatforms) = postSolution
		{FACA156E-D43B-4889-A530-A342517B7984}.Debug|Any CPU.ActiveCfg = Debug|Any CPU
		{FACA156E-D43B-4889-A530-A342517B7984}.Debug|Any CPU.Build.0 = Debug|Any CPU
		{FACA156E-D43B-4889-A530-A342517B7984}.Release|Any CPU.ActiveCfg = Release|Any CPU
		{FACA156E-D43B-4889-A530-A342517B7984}.Release|Any CPU.Build.0 = Release|Any CPU
		{56C199E4-7F68-4DB5-A4CB-D7C745F286BE}.Debug|Any CPU.ActiveCfg = Debug|Any CPU
		{56C199E4-7F68-4DB5-A4CB-D7C745F286BE}.Debug|Any CPU.Build.0 = Debug|Any CPU
		{56C199E4-7F68-4DB5-A4CB-D7C745F286BE}.Release|Any CPU.ActiveCfg = Release|Any CPU
		{56C199E4-7F68-4DB5-A4CB-D7C745F286BE}.Release|Any CPU.Build.0 = Release|Any CPU
		{1B28181E-6355-4B89-9B05-04FC7641582C}.Debug|Any CPU.ActiveCfg = Debug|Any CPU
		{1B28181E-6355-4B89-9B05-04FC7641582C}.Debug|Any CPU.Build.0 = Debug|Any CPU
		{1B28181E-6355-4B89-9B05-04FC7641582C}.Release|Any CPU.ActiveCfg = Release|Any CPU
		{1B28181E-6355-4B89-9B05-04FC7641582C}.Release|Any CPU.Build.0 = Release|Any CPU
		{EE25354D-DC93-43BE-A935-1D59D3E4E8D2}.Debug|Any CPU.ActiveCfg = Debug|Any CPU
		{EE25354D-DC93-43BE-A935-1D59D3E4E8D2}.Debug|Any CPU.Build.0 = Debug|Any CPU
		{EE25354D-DC93-43BE-A935-1D59D3E4E8D2}.Release|Any CPU.ActiveCfg = Release|Any CPU
		{EE25354D-DC93-43BE-A935-1D59D3E4E8D2}.Release|Any CPU.Build.0 = Release|Any CPU
		{7F5FEC2B-BC34-4D7B-9ED5-1DDDE7542D94}.Debug|Any CPU.ActiveCfg = Debug|Any CPU
		{7F5FEC2B-BC34-4D7B-9ED5-1DDDE7542D94}.Debug|Any CPU.Build.0 = Debug|Any CPU
		{7F5FEC2B-BC34-4D7B-9ED5-1DDDE7542D94}.Release|Any CPU.ActiveCfg = Release|Any CPU
		{7F5FEC2B-BC34-4D7B-9ED5-1DDDE7542D94}.Release|Any CPU.Build.0 = Release|Any CPU
		{6FCCA783-8396-4937-B2EC-538C96A66D65}.Debug|Any CPU.ActiveCfg = Debug|Any CPU
		{6FCCA783-8396-4937-B2EC-538C96A66D65}.Debug|Any CPU.Build.0 = Debug|Any CPU
		{6FCCA783-8396-4937-B2EC-538C96A66D65}.Release|Any CPU.ActiveCfg = Release|Any CPU
		{6FCCA783-8396-4937-B2EC-538C96A66D65}.Release|Any CPU.Build.0 = Release|Any CPU
		{546812B2-1F01-4FCB-9BA0-D15177FFC50B}.Debug|Any CPU.ActiveCfg = Debug|Any CPU
		{546812B2-1F01-4FCB-9BA0-D15177FFC50B}.Debug|Any CPU.Build.0 = Debug|Any CPU
		{546812B2-1F01-4FCB-9BA0-D15177FFC50B}.Release|Any CPU.ActiveCfg = Release|Any CPU
		{546812B2-1F01-4FCB-9BA0-D15177FFC50B}.Release|Any CPU.Build.0 = Release|Any CPU
		{AA39993C-736A-4FB2-8A88-541A57FB143B}.Debug|Any CPU.ActiveCfg = Debug|Any CPU
		{AA39993C-736A-4FB2-8A88-541A57FB143B}.Debug|Any CPU.Build.0 = Debug|Any CPU
		{AA39993C-736A-4FB2-8A88-541A57FB143B}.Release|Any CPU.ActiveCfg = Release|Any CPU
		{AA39993C-736A-4FB2-8A88-541A57FB143B}.Release|Any CPU.Build.0 = Release|Any CPU
		{1B78667E-3F92-44BD-A2D5-931CE6261C48}.Debug|Any CPU.ActiveCfg = Debug|Any CPU
		{1B78667E-3F92-44BD-A2D5-931CE6261C48}.Debug|Any CPU.Build.0 = Debug|Any CPU
		{1B78667E-3F92-44BD-A2D5-931CE6261C48}.Release|Any CPU.ActiveCfg = Release|Any CPU
		{1B78667E-3F92-44BD-A2D5-931CE6261C48}.Release|Any CPU.Build.0 = Release|Any CPU
		{2038233B-791B-4043-9D74-FAB158CBB7A9}.Debug|Any CPU.ActiveCfg = Debug|Any CPU
		{2038233B-791B-4043-9D74-FAB158CBB7A9}.Debug|Any CPU.Build.0 = Debug|Any CPU
		{2038233B-791B-4043-9D74-FAB158CBB7A9}.Release|Any CPU.ActiveCfg = Release|Any CPU
		{2038233B-791B-4043-9D74-FAB158CBB7A9}.Release|Any CPU.Build.0 = Release|Any CPU
		{4211255C-886A-4035-915A-287CE97767E7}.Debug|Any CPU.ActiveCfg = Debug|Any CPU
		{4211255C-886A-4035-915A-287CE97767E7}.Debug|Any CPU.Build.0 = Debug|Any CPU
		{4211255C-886A-4035-915A-287CE97767E7}.Release|Any CPU.ActiveCfg = Release|Any CPU
		{4211255C-886A-4035-915A-287CE97767E7}.Release|Any CPU.Build.0 = Release|Any CPU
		{C80C5D9D-11F5-4229-B93B-1819F8F98A86}.Debug|Any CPU.ActiveCfg = Debug|Any CPU
		{C80C5D9D-11F5-4229-B93B-1819F8F98A86}.Debug|Any CPU.Build.0 = Debug|Any CPU
		{C80C5D9D-11F5-4229-B93B-1819F8F98A86}.Release|Any CPU.ActiveCfg = Release|Any CPU
		{C80C5D9D-11F5-4229-B93B-1819F8F98A86}.Release|Any CPU.Build.0 = Release|Any CPU
		{835531B8-EBC2-460C-B8E7-4F90E3F9B91C}.Debug|Any CPU.ActiveCfg = Debug|Any CPU
		{835531B8-EBC2-460C-B8E7-4F90E3F9B91C}.Debug|Any CPU.Build.0 = Debug|Any CPU
		{835531B8-EBC2-460C-B8E7-4F90E3F9B91C}.Release|Any CPU.ActiveCfg = Release|Any CPU
		{835531B8-EBC2-460C-B8E7-4F90E3F9B91C}.Release|Any CPU.Build.0 = Release|Any CPU
		{8003A9E1-7C91-4085-B11E-7E278CAB393D}.Debug|Any CPU.ActiveCfg = Debug|Any CPU
		{8003A9E1-7C91-4085-B11E-7E278CAB393D}.Debug|Any CPU.Build.0 = Debug|Any CPU
		{8003A9E1-7C91-4085-B11E-7E278CAB393D}.Release|Any CPU.ActiveCfg = Release|Any CPU
		{8003A9E1-7C91-4085-B11E-7E278CAB393D}.Release|Any CPU.Build.0 = Release|Any CPU
		{F39A3501-47F8-4399-9D82-BB115D4F934B}.Debug|Any CPU.ActiveCfg = Debug|Any CPU
		{F39A3501-47F8-4399-9D82-BB115D4F934B}.Debug|Any CPU.Build.0 = Debug|Any CPU
		{F39A3501-47F8-4399-9D82-BB115D4F934B}.Release|Any CPU.ActiveCfg = Release|Any CPU
		{F39A3501-47F8-4399-9D82-BB115D4F934B}.Release|Any CPU.Build.0 = Release|Any CPU
		{15B869BB-92BF-46E8-9A51-CEA20E200403}.Debug|Any CPU.ActiveCfg = Debug|Any CPU
		{15B869BB-92BF-46E8-9A51-CEA20E200403}.Debug|Any CPU.Build.0 = Debug|Any CPU
		{15B869BB-92BF-46E8-9A51-CEA20E200403}.Release|Any CPU.ActiveCfg = Release|Any CPU
		{15B869BB-92BF-46E8-9A51-CEA20E200403}.Release|Any CPU.Build.0 = Release|Any CPU
		{5F7E6CF9-C02F-44D1-A75E-3E5A397D08E9}.Debug|Any CPU.ActiveCfg = Debug|Any CPU
		{5F7E6CF9-C02F-44D1-A75E-3E5A397D08E9}.Debug|Any CPU.Build.0 = Debug|Any CPU
		{5F7E6CF9-C02F-44D1-A75E-3E5A397D08E9}.Release|Any CPU.ActiveCfg = Release|Any CPU
		{5F7E6CF9-C02F-44D1-A75E-3E5A397D08E9}.Release|Any CPU.Build.0 = Release|Any CPU
	EndGlobalSection
	GlobalSection(SolutionProperties) = preSolution
		HideSolutionNode = FALSE
	EndGlobalSection
	GlobalSection(NestedProjects) = preSolution
		{FACA156E-D43B-4889-A530-A342517B7984} = {8711F0CF-00FF-4F2C-94B2-0F61D0741CDC}
		{56C199E4-7F68-4DB5-A4CB-D7C745F286BE} = {8B60029A-29B1-4D3C-B5CD-D577DBB63CAE}
		{1B28181E-6355-4B89-9B05-04FC7641582C} = {21EBDD8F-B8EC-4ACF-A231-8479FDC11581}
		{EE25354D-DC93-43BE-A935-1D59D3E4E8D2} = {21EBDD8F-B8EC-4ACF-A231-8479FDC11581}
		{7F5FEC2B-BC34-4D7B-9ED5-1DDDE7542D94} = {21EBDD8F-B8EC-4ACF-A231-8479FDC11581}
		{6FCCA783-8396-4937-B2EC-538C96A66D65} = {21EBDD8F-B8EC-4ACF-A231-8479FDC11581}
		{546812B2-1F01-4FCB-9BA0-D15177FFC50B} = {21EBDD8F-B8EC-4ACF-A231-8479FDC11581}
		{AA39993C-736A-4FB2-8A88-541A57FB143B} = {21EBDD8F-B8EC-4ACF-A231-8479FDC11581}
		{1B78667E-3F92-44BD-A2D5-931CE6261C48} = {8B60029A-29B1-4D3C-B5CD-D577DBB63CAE}
		{2038233B-791B-4043-9D74-FAB158CBB7A9} = {8B60029A-29B1-4D3C-B5CD-D577DBB63CAE}
		{4211255C-886A-4035-915A-287CE97767E7} = {21EBDD8F-B8EC-4ACF-A231-8479FDC11581}
		{C80C5D9D-11F5-4229-B93B-1819F8F98A86} = {EC204A70-33AB-446C-84EA-7B45412BDCF2}
		{835531B8-EBC2-460C-B8E7-4F90E3F9B91C} = {EC204A70-33AB-446C-84EA-7B45412BDCF2}
		{8003A9E1-7C91-4085-B11E-7E278CAB393D} = {EC204A70-33AB-446C-84EA-7B45412BDCF2}
		{F39A3501-47F8-4399-9D82-BB115D4F934B} = {EC204A70-33AB-446C-84EA-7B45412BDCF2}
		{15B869BB-92BF-46E8-9A51-CEA20E200403} = {F53BCF5F-CF29-4088-9A3D-B8B85CF380FF}
		{5F7E6CF9-C02F-44D1-A75E-3E5A397D08E9} = {F53BCF5F-CF29-4088-9A3D-B8B85CF380FF}
	EndGlobalSection
	GlobalSection(ExtensibilityGlobals) = postSolution
		SolutionGuid = {8C8EB2B9-51FD-4473-9181-DBEB3074C90D}
	EndGlobalSection
EndGlobal
