
Microsoft Visual Studio Solution File, Format Version 12.00
# Visual Studio Version 18
VisualStudioVersion = 18.1.11312.151
MinimumVisualStudioVersion = 10.0.40219.1
Project("{9A19103F-16F7-4668-BE54-9A1E7A4F7556}") = "sfdapi", "sfdapi\sfdapi.csproj", "{FACA156E-D43B-4889-A530-A342517B7984}"
EndProject
Project("{2150E333-8FDC-42A3-9474-1A3956D46DE8}") = "Data", "Data", "{8B60029A-29B1-4D3C-B5CD-D577DBB63CAE}"
EndProject
Project("{9A19103F-16F7-4668-BE54-9A1E7A4F7556}") = "Slickflow.Data", "core\Slickflow.Data\Slickflow.Data.csproj", "{56C199E4-7F68-4DB5-A4CB-D7C745F286BE}"
EndProject
Project("{2150E333-8FDC-42A3-9474-1A3956D46DE8}") = "Core", "Core", "{21EBDD8F-B8EC-4ACF-A231-8479FDC11581}"
EndProject
Project("{9A19103F-16F7-4668-BE54-9A1E7A4F7556}") = "Slickflow.Engine", "core\Slickflow.Engine\Slickflow.Engine.csproj", "{1B28181E-6355-4B89-9B05-04FC7641582C}"
EndProject
Project("{9A19103F-16F7-4668-BE54-9A1E7A4F7556}") = "Slickflow.Module", "core\Slickflow.Module\Slickflow.Module.csproj", "{EE25354D-DC93-43BE-A935-1D59D3E4E8D2}"
EndProject
Project("{9A19103F-16F7-4668-BE54-9A1E7A4F7556}") = "Slickflow.Module.Localize", "core\Slickflow.Module.Localize\Slickflow.Module.Localize.csproj", "{6FCCA783-8396-4937-B2EC-538C96A66D65}"
EndProject
Project("{9A19103F-16F7-4668-BE54-9A1E7A4F7556}") = "Slickflow.Module.Resource", "core\Slickflow.Module.Resource\Slickflow.Module.Resource.csproj", "{AA39993C-736A-4FB2-8A88-541A57FB143B}"
EndProject
Project("{9A19103F-16F7-4668-BE54-9A1E7A4F7556}") = "Dapper", "core\Dapper\Dapper.csproj", "{1B78667E-3F92-44BD-A2D5-931CE6261C48}"
EndProject
Project("{2150E333-8FDC-42A3-9474-1A3956D46DE8}") = "Service", "Service", "{8711F0CF-00FF-4F2C-94B2-0F61D0741CDC}"
EndProject
Project("{2150E333-8FDC-42A3-9474-1A3956D46DE8}") = "WebDemo", "WebDemo", "{EC204A70-33AB-446C-84EA-7B45412BDCF2}"
EndProject
Project("{9A19103F-16F7-4668-BE54-9A1E7A4F7556}") = "Slickflow.MvcDemo", "demo\Slickflow.MvcDemo\Slickflow.MvcDemo.csproj", "{C80C5D9D-11F5-4229-B93B-1819F8F98A86}"
EndProject
Project("{9A19103F-16F7-4668-BE54-9A1E7A4F7556}") = "Slickflow.BizAppService", "demo\Slickflow.BizAppService\Slickflow.BizAppService.csproj", "{8003A9E1-7C91-4085-B11E-7E278CAB393D}"
EndProject
Project("{FAE04EC0-301F-11D3-BF4B-00C04F79EFBC}") = "Slickflow.WebUtility", "core\Slickflow.WebUtility\Slickflow.WebUtility.csproj", "{3E36AB87-804C-481A-B254-59543A39E316}"
EndProject
Project("{2150E333-8FDC-42A3-9474-1A3956D46DE8}") = "Module", "Module", "{BEBC3BC0-5612-4BB5-BD11-4A22753C75D0}"
EndProject
Global
	GlobalSection(SolutionConfigurationPlatforms) = preSolution
		Debug|Any CPU = Debug|Any CPU
		Release|Any CPU = Release|Any CPU
	EndGlobalSection
	GlobalSection(ProjectConfigurationPlatforms) = postSolution
		{FACA156E-D43B-4889-A530-A342517B7984}.Debug|Any CPU.ActiveCfg = Debug|Any CPU
		{FACA156E-D43B-4889-A530-A342517B7984}.Debug|Any CPU.Build.0 = Debug|Any CPU
		{FACA156E-D43B-4889-A530-A342517B7984}.Release|Any CPU.ActiveCfg = Release|Any CPU
		{FACA156E-D43B-4889-A530-A342517B7984}.Release|Any CPU.Build.0 = Release|Any CPU
		{56C199E4-7F68-4DB5-A4CB-D7C745F286BE}.Debug|Any CPU.ActiveCfg = Debug|Any CPU
		{56C199E4-7F68-4DB5-A4CB-D7C745F286BE}.Debug|Any CPU.Build.0 = Debug|Any CPU
		{56C199E4-7F68-4DB5-A4CB-D7C745F286BE}.Release|Any CPU.ActiveCfg = Release|Any CPU
		{56C199E4-7F68-4DB5-A4CB-D7C745F286BE}.Release|Any CPU.Build.0 = Release|Any CPU
		{1B28181E-6355-4B89-9B05-04FC7641582C}.Debug|Any CPU.ActiveCfg = Debug|Any CPU
		{1B28181E-6355-4B89-9B05-04FC7641582C}.Debug|Any CPU.Build.0 = Debug|Any CPU
		{1B28181E-6355-4B89-9B05-04FC7641582C}.Release|Any CPU.ActiveCfg = Release|Any CPU
		{1B28181E-6355-4B89-9B05-04FC7641582C}.Release|Any CPU.Build.0 = Release|Any CPU
		{EE25354D-DC93-43BE-A935-1D59D3E4E8D2}.Debug|Any CPU.ActiveCfg = Debug|Any CPU
		{EE25354D-DC93-43BE-A935-1D59D3E4E8D2}.Debug|Any CPU.Build.0 = Debug|Any CPU
		{EE25354D-DC93-43BE-A935-1D59D3E4E8D2}.Release|Any CPU.ActiveCfg = Release|Any CPU
		{EE25354D-DC93-43BE-A935-1D59D3E4E8D2}.Release|Any CPU.Build.0 = Release|Any CPU
		{6FCCA783-8396-4937-B2EC-538C96A66D65}.Debug|Any CPU.ActiveCfg = Debug|Any CPU
		{6FCCA783-8396-4937-B2EC-538C96A66D65}.Debug|Any CPU.Build.0 = Debug|Any CPU
		{6FCCA783-8396-4937-B2EC-538C96A66D65}.Release|Any CPU.ActiveCfg = Release|Any CPU
		{6FCCA783-8396-4937-B2EC-538C96A66D65}.Release|Any CPU.Build.0 = Release|Any CPU
		{AA39993C-736A-4FB2-8A88-541A57FB143B}.Debug|Any CPU.ActiveCfg = Debug|Any CPU
		{AA39993C-736A-4FB2-8A88-541A57FB143B}.Debug|Any CPU.Build.0 = Debug|Any CPU
		{AA39993C-736A-4FB2-8A88-541A57FB143B}.Release|Any CPU.ActiveCfg = Release|Any CPU
		{AA39993C-736A-4FB2-8A88-541A57FB143B}.Release|Any CPU.Build.0 = Release|Any CPU
		{1B78667E-3F92-44BD-A2D5-931CE6261C48}.Debug|Any CPU.ActiveCfg = Debug|Any CPU
		{1B78667E-3F92-44BD-A2D5-931CE6261C48}.Debug|Any CPU.Build.0 = Debug|Any CPU
		{1B78667E-3F92-44BD-A2D5-931CE6261C48}.Release|Any CPU.ActiveCfg = Release|Any CPU
		{1B78667E-3F92-44BD-A2D5-931CE6261C48}.Release|Any CPU.Build.0 = Release|Any CPU
		{C80C5D9D-11F5-4229-B93B-1819F8F98A86}.Debug|Any CPU.ActiveCfg = Debug|Any CPU
		{C80C5D9D-11F5-4229-B93B-1819F8F98A86}.Debug|Any CPU.Build.0 = Debug|Any CPU
		{C80C5D9D-11F5-4229-B93B-1819F8F98A86}.Release|Any CPU.ActiveCfg = Release|Any CPU
		{C80C5D9D-11F5-4229-B93B-1819F8F98A86}.Release|Any CPU.Build.0 = Release|Any CPU
		{8003A9E1-7C91-4085-B11E-7E278CAB393D}.Debug|Any CPU.ActiveCfg = Debug|Any CPU
		{8003A9E1-7C91-4085-B11E-7E278CAB393D}.Debug|Any CPU.Build.0 = Debug|Any CPU
		{8003A9E1-7C91-4085-B11E-7E278CAB393D}.Release|Any CPU.ActiveCfg = Release|Any CPU
		{8003A9E1-7C91-4085-B11E-7E278CAB393D}.Release|Any CPU.Build.0 = Release|Any CPU
		{3E36AB87-804C-481A-B254-59543A39E316}.Debug|Any CPU.ActiveCfg = Debug|Any CPU
		{3E36AB87-804C-481A-B254-59543A39E316}.Debug|Any CPU.Build.0 = Debug|Any CPU
		{3E36AB87-804C-481A-B254-59543A39E316}.Release|Any CPU.ActiveCfg = Release|Any CPU
		{3E36AB87-804C-481A-B254-59543A39E316}.Release|Any CPU.Build.0 = Release|Any CPU
	EndGlobalSection
	GlobalSection(SolutionProperties) = preSolution
		HideSolutionNode = FALSE
	EndGlobalSection
	GlobalSection(NestedProjects) = preSolution
		{FACA156E-D43B-4889-A530-A342517B7984} = {8711F0CF-00FF-4F2C-94B2-0F61D0741CDC}
		{56C199E4-7F68-4DB5-A4CB-D7C745F286BE} = {8B60029A-29B1-4D3C-B5CD-D577DBB63CAE}
		{1B28181E-6355-4B89-9B05-04FC7641582C} = {21EBDD8F-B8EC-4ACF-A231-8479FDC11581}
		{EE25354D-DC93-43BE-A935-1D59D3E4E8D2} = {BEBC3BC0-5612-4BB5-BD11-4A22753C75D0}
		{6FCCA783-8396-4937-B2EC-538C96A66D65} = {BEBC3BC0-5612-4BB5-BD11-4A22753C75D0}
		{AA39993C-736A-4FB2-8A88-541A57FB143B} = {BEBC3BC0-5612-4BB5-BD11-4A22753C75D0}
		{1B78667E-3F92-44BD-A2D5-931CE6261C48} = {8B60029A-29B1-4D3C-B5CD-D577DBB63CAE}
		{C80C5D9D-11F5-4229-B93B-1819F8F98A86} = {EC204A70-33AB-446C-84EA-7B45412BDCF2}
		{8003A9E1-7C91-4085-B11E-7E278CAB393D} = {EC204A70-33AB-446C-84EA-7B45412BDCF2}
		{3E36AB87-804C-481A-B254-59543A39E316} = {21EBDD8F-B8EC-4ACF-A231-8479FDC11581}
	EndGlobalSection
	GlobalSection(ExtensibilityGlobals) = postSolution
		SolutionGuid = {8C8EB2B9-51FD-4473-9181-DBEB3074C90D}
	EndGlobalSection
EndGlobal
