
Microsoft Visual Studio Solution File, Format Version 12.00
# Visual Studio 2013
VisualStudioVersion = 12.0.21005.1
MinimumVisualStudioVersion = 10.0.40219.1
Project("{2150E333-8FDC-42A3-9474-1A3956D46DE8}") = "Presentation", "Presentation", "{DB84593A-1127-4596-B036-1F7819C85425}"
EndProject
Project("{FAE04EC0-301F-11D3-BF4B-00C04F79EFBC}") = "Slickflow.Winform", "Slickflow.Winform\Slickflow.Winform.csproj", "{20A52287-9FA0-408A-A783-93B78EFD24D7}"
EndProject
Project("{2150E333-8FDC-42A3-9474-1A3956D46DE8}") = "ServiceLayer", "ServiceLayer", "{76DAC76A-385A-4C7F-B916-BBE51A5E3892}"
EndProject
Project("{FAE04EC0-301F-11D3-BF4B-00C04F79EFBC}") = "Slickflow.WebDemo", "Slickflow.WebDemo\Slickflow.WebDemo.csproj", "{16804F0F-CA9D-4103-8E59-F386C7F88D1A}"
EndProject
Project("{FAE04EC0-301F-11D3-BF4B-00C04F79EFBC}") = "Slickflow.MvcDemo", "Slickflow.MvcDemo\Slickflow.MvcDemo.csproj", "{744DF6FC-BCEC-4A5B-846D-E5613B5A463D}"
EndProject
Project("{FAE04EC0-301F-11D3-BF4B-00C04F79EFBC}") = "SfDemo.WebApi", "SfDemo.WebApi\SfDemo.WebApi.csproj", "{0E393FDB-A3CB-4798-9764-9D94046D3A3E}"
EndProject
Project("{FAE04EC0-301F-11D3-BF4B-00C04F79EFBC}") = "SfDemo.BizEntity", "SfDemo.BizEntity\SfDemo.BizEntity.csproj", "{660ACD43-EE45-4027-AD71-93E5D54A3146}"
EndProject
Project("{FAE04EC0-301F-11D3-BF4B-00C04F79EFBC}") = "SfDemo.Interface", "SfDemo.Interface\SfDemo.Interface.csproj", "{BE901FE9-E9FB-4E8D-96FC-F919F9EA0B26}"
EndProject
Project("{FAE04EC0-301F-11D3-BF4B-00C04F79EFBC}") = "SfDemo.ServiceImp", "SfDemo.ServiceImp\SfDemo.ServiceImp.csproj", "{4B6846F6-8891-49E7-AC50-921DF7E5342E}"
EndProject
Project("{FAE04EC0-301F-11D3-BF4B-00C04F79EFBC}") = "Slickflow.WebApi", "Slickflow.WebApi\Slickflow.WebApi.csproj", "{2AF30CE4-62EC-4011-8F73-DB00BB62812E}"
EndProject
Project("{2150E333-8FDC-42A3-9474-1A3956D46DE8}") = "Test", "Test", "{7AD9746F-26FB-4E85-8DAE-6E4E410AB0A2}"
EndProject
Project("{2150E333-8FDC-42A3-9474-1A3956D46DE8}") = "Library", "Library", "{79F6E757-9104-4D35-B7B7-56B414D1D9F6}"
EndProject
Project("{FAE04EC0-301F-11D3-BF4B-00C04F79EFBC}") = "Dapper", "Dapper\Dapper.csproj", "{4DA6306B-B9F0-4E06-ACA0-2A1400DD9BD0}"
EndProject
Project("{2150E333-8FDC-42A3-9474-1A3956D46DE8}") = "Designer", "Designer", "{8C24076C-9919-4FF3-A8D5-02C5DF2840E6}"
EndProject
Project("{FAE04EC0-301F-11D3-BF4B-00C04F79EFBC}") = "Slickflow.Designer", "Slickflow.Designer\Slickflow.Designer.csproj", "{7BF0F27F-8985-4B8D-9DAA-E51D0BB7CF3D}"
EndProject
Project("{FAE04EC0-301F-11D3-BF4B-00C04F79EFBC}") = "Slickflow.Data", "Slickflow.Data\Slickflow.Data.csproj", "{E0A4FC43-54AF-49B3-A227-0CE9DB503903}"
EndProject
Global
	GlobalSection(SolutionConfigurationPlatforms) = preSolution
		Debug|Any CPU = Debug|Any CPU
		Release|Any CPU = Release|Any CPU
	EndGlobalSection
	GlobalSection(ProjectConfigurationPlatforms) = postSolution
		{20A52287-9FA0-408A-A783-93B78EFD24D7}.Debug|Any CPU.ActiveCfg = Debug|Any CPU
		{20A52287-9FA0-408A-A783-93B78EFD24D7}.Debug|Any CPU.Build.0 = Debug|Any CPU
		{20A52287-9FA0-408A-A783-93B78EFD24D7}.Release|Any CPU.ActiveCfg = Release|Any CPU
		{20A52287-9FA0-408A-A783-93B78EFD24D7}.Release|Any CPU.Build.0 = Release|Any CPU
		{16804F0F-CA9D-4103-8E59-F386C7F88D1A}.Debug|Any CPU.ActiveCfg = Debug|Any CPU
		{16804F0F-CA9D-4103-8E59-F386C7F88D1A}.Debug|Any CPU.Build.0 = Debug|Any CPU
		{16804F0F-CA9D-4103-8E59-F386C7F88D1A}.Release|Any CPU.ActiveCfg = Release|Any CPU
		{16804F0F-CA9D-4103-8E59-F386C7F88D1A}.Release|Any CPU.Build.0 = Release|Any CPU
		{744DF6FC-BCEC-4A5B-846D-E5613B5A463D}.Debug|Any CPU.ActiveCfg = Debug|Any CPU
		{744DF6FC-BCEC-4A5B-846D-E5613B5A463D}.Debug|Any CPU.Build.0 = Debug|Any CPU
		{744DF6FC-BCEC-4A5B-846D-E5613B5A463D}.Release|Any CPU.ActiveCfg = Release|Any CPU
		{744DF6FC-BCEC-4A5B-846D-E5613B5A463D}.Release|Any CPU.Build.0 = Release|Any CPU
		{0E393FDB-A3CB-4798-9764-9D94046D3A3E}.Debug|Any CPU.ActiveCfg = Debug|Any CPU
		{0E393FDB-A3CB-4798-9764-9D94046D3A3E}.Debug|Any CPU.Build.0 = Debug|Any CPU
		{0E393FDB-A3CB-4798-9764-9D94046D3A3E}.Release|Any CPU.ActiveCfg = Release|Any CPU
		{0E393FDB-A3CB-4798-9764-9D94046D3A3E}.Release|Any CPU.Build.0 = Release|Any CPU
		{660ACD43-EE45-4027-AD71-93E5D54A3146}.Debug|Any CPU.ActiveCfg = Debug|Any CPU
		{660ACD43-EE45-4027-AD71-93E5D54A3146}.Debug|Any CPU.Build.0 = Debug|Any CPU
		{660ACD43-EE45-4027-AD71-93E5D54A3146}.Release|Any CPU.ActiveCfg = Release|Any CPU
		{660ACD43-EE45-4027-AD71-93E5D54A3146}.Release|Any CPU.Build.0 = Release|Any CPU
		{BE901FE9-E9FB-4E8D-96FC-F919F9EA0B26}.Debug|Any CPU.ActiveCfg = Debug|Any CPU
		{BE901FE9-E9FB-4E8D-96FC-F919F9EA0B26}.Debug|Any CPU.Build.0 = Debug|Any CPU
		{BE901FE9-E9FB-4E8D-96FC-F919F9EA0B26}.Release|Any CPU.ActiveCfg = Release|Any CPU
		{BE901FE9-E9FB-4E8D-96FC-F919F9EA0B26}.Release|Any CPU.Build.0 = Release|Any CPU
		{4B6846F6-8891-49E7-AC50-921DF7E5342E}.Debug|Any CPU.ActiveCfg = Debug|Any CPU
		{4B6846F6-8891-49E7-AC50-921DF7E5342E}.Debug|Any CPU.Build.0 = Debug|Any CPU
		{4B6846F6-8891-49E7-AC50-921DF7E5342E}.Release|Any CPU.ActiveCfg = Release|Any CPU
		{4B6846F6-8891-49E7-AC50-921DF7E5342E}.Release|Any CPU.Build.0 = Release|Any CPU
		{2AF30CE4-62EC-4011-8F73-DB00BB62812E}.Debug|Any CPU.ActiveCfg = Debug|Any CPU
		{2AF30CE4-62EC-4011-8F73-DB00BB62812E}.Debug|Any CPU.Build.0 = Debug|Any CPU
		{2AF30CE4-62EC-4011-8F73-DB00BB62812E}.Release|Any CPU.ActiveCfg = Release|Any CPU
		{2AF30CE4-62EC-4011-8F73-DB00BB62812E}.Release|Any CPU.Build.0 = Release|Any CPU
		{4DA6306B-B9F0-4E06-ACA0-2A1400DD9BD0}.Debug|Any CPU.ActiveCfg = Debug|Any CPU
		{4DA6306B-B9F0-4E06-ACA0-2A1400DD9BD0}.Debug|Any CPU.Build.0 = Debug|Any CPU
		{4DA6306B-B9F0-4E06-ACA0-2A1400DD9BD0}.Release|Any CPU.ActiveCfg = Release|Any CPU
		{4DA6306B-B9F0-4E06-ACA0-2A1400DD9BD0}.Release|Any CPU.Build.0 = Release|Any CPU
		{7BF0F27F-8985-4B8D-9DAA-E51D0BB7CF3D}.Debug|Any CPU.ActiveCfg = Debug|Any CPU
		{7BF0F27F-8985-4B8D-9DAA-E51D0BB7CF3D}.Debug|Any CPU.Build.0 = Debug|Any CPU
		{7BF0F27F-8985-4B8D-9DAA-E51D0BB7CF3D}.Release|Any CPU.ActiveCfg = Release|Any CPU
		{7BF0F27F-8985-4B8D-9DAA-E51D0BB7CF3D}.Release|Any CPU.Build.0 = Release|Any CPU
		{E0A4FC43-54AF-49B3-A227-0CE9DB503903}.Debug|Any CPU.ActiveCfg = Debug|Any CPU
		{E0A4FC43-54AF-49B3-A227-0CE9DB503903}.Debug|Any CPU.Build.0 = Debug|Any CPU
		{E0A4FC43-54AF-49B3-A227-0CE9DB503903}.Release|Any CPU.ActiveCfg = Release|Any CPU
		{E0A4FC43-54AF-49B3-A227-0CE9DB503903}.Release|Any CPU.Build.0 = Release|Any CPU
	EndGlobalSection
	GlobalSection(SolutionProperties) = preSolution
		HideSolutionNode = FALSE
	EndGlobalSection
	GlobalSection(NestedProjects) = preSolution
		{20A52287-9FA0-408A-A783-93B78EFD24D7} = {DB84593A-1127-4596-B036-1F7819C85425}
		{16804F0F-CA9D-4103-8E59-F386C7F88D1A} = {DB84593A-1127-4596-B036-1F7819C85425}
		{744DF6FC-BCEC-4A5B-846D-E5613B5A463D} = {DB84593A-1127-4596-B036-1F7819C85425}
		{0E393FDB-A3CB-4798-9764-9D94046D3A3E} = {76DAC76A-385A-4C7F-B916-BBE51A5E3892}
		{660ACD43-EE45-4027-AD71-93E5D54A3146} = {76DAC76A-385A-4C7F-B916-BBE51A5E3892}
		{BE901FE9-E9FB-4E8D-96FC-F919F9EA0B26} = {76DAC76A-385A-4C7F-B916-BBE51A5E3892}
		{4B6846F6-8891-49E7-AC50-921DF7E5342E} = {76DAC76A-385A-4C7F-B916-BBE51A5E3892}
		{2AF30CE4-62EC-4011-8F73-DB00BB62812E} = {7AD9746F-26FB-4E85-8DAE-6E4E410AB0A2}
		{4DA6306B-B9F0-4E06-ACA0-2A1400DD9BD0} = {79F6E757-9104-4D35-B7B7-56B414D1D9F6}
		{E0A4FC43-54AF-49B3-A227-0CE9DB503903} = {79F6E757-9104-4D35-B7B7-56B414D1D9F6}
		{7BF0F27F-8985-4B8D-9DAA-E51D0BB7CF3D} = {8C24076C-9919-4FF3-A8D5-02C5DF2840E6}
	EndGlobalSection
EndGlobal
